// !$*UTF8*$!
{
	archiveVersion = 1;
	classes = {
	};
	objectVersion = 46;
	objects = {
/* Begin PBXBuildFile section */
		0207DA581B56EA530066E2B4 /* Images.xcassets in Resources */ = {isa = PBXBuildFile; fileRef = 0207DA571B56EA530066E2B4 /* Images.xcassets */; };
		1D3623260D0F684500981E51 /* AppDelegate.m in Sources */ = {isa = PBXBuildFile; fileRef = 1D3623250D0F684500981E51 /* AppDelegate.m */; };
		1D60589B0D05DD56006BFB54 /* main.m in Sources */ = {isa = PBXBuildFile; fileRef = 29B97316FDCFA39411CA2CEA /* main.m */; };
		301BF552109A68D80062928A /* libCordova.a in Frameworks */ = {isa = PBXBuildFile; fileRef = 301BF535109A57CC0062928A /* libCordova.a */; };
		302D95F114D2391D003F00A1 /* MainViewController.m in Sources */ = {isa = PBXBuildFile; fileRef = 302D95EF14D2391D003F00A1 /* MainViewController.m */; };
		302D95F214D2391D003F00A1 /* MainViewController.xib in Resources */ = {isa = PBXBuildFile; fileRef = 302D95F014D2391D003F00A1 /* MainViewController.xib */; };
		3047A5121AB8059700498E2A /* build-debug.xcconfig in Resources */ = {isa = PBXBuildFile; fileRef = 3047A50F1AB8059700498E2A /* build-debug.xcconfig */; };
		3047A5131AB8059700498E2A /* build-release.xcconfig in Resources */ = {isa = PBXBuildFile; fileRef = 3047A5101AB8059700498E2A /* build-release.xcconfig */; };
		3047A5141AB8059700498E2A /* build.xcconfig in Resources */ = {isa = PBXBuildFile; fileRef = 3047A5111AB8059700498E2A /* build.xcconfig */; };
		8F2900F7CAC94149960814B7 /* UIImage+CropScaleOrientation.m in Sources */ = {isa = PBXBuildFile; fileRef = 863AD7C149064EB297582FBA /* UIImage+CropScaleOrientation.m */; };
		D1CD3CC8C9F24FA59E111158 /* CDVCamera.m in Sources */ = {isa = PBXBuildFile; fileRef = 2F2CB41A2C8F48A2A9B3A64F /* CDVCamera.m */; };
		0E3853CF0596492589DBE422 /* CDVJpegHeaderWriter.m in Sources */ = {isa = PBXBuildFile; fileRef = 0F250B00C5E04757AF93BB85 /* CDVJpegHeaderWriter.m */; };
		5809E1FE8DE7463A9A099EE0 /* ImageIO.framework in Frameworks */ = {isa = PBXBuildFile; fileRef = 99086B5CC9E14CC09FEE4E4A /* ImageIO.framework */; settings = {ATTRIBUTES = (Weak, ); }; };
		3EA5AE6BD0994252BA3F70C2 /* CoreLocation.framework in Frameworks */ = {isa = PBXBuildFile; fileRef = AB482065D5FE4AF8AFF1128B /* CoreLocation.framework */; };
		7A1F38EF3E7740CEBE1E3C95 /* AVFoundation.framework in Frameworks */ = {isa = PBXBuildFile; fileRef = 7740D868545049E3B2B1983D /* AVFoundation.framework */; };
		66CDE7DE70B44169A4D2D6E8 /* CDVLogger.m in Sources */ = {isa = PBXBuildFile; fileRef = 7605896CD6E749BFBDC3710E /* CDVLogger.m */; };
		50F0FFF5780F4EB1B82DF087 /* CDVDevice.m in Sources */ = {isa = PBXBuildFile; fileRef = 74E73528075144ECA5FBAD05 /* CDVDevice.m */; };
		4C07F0182521406AA4A62B72 /* CDVSplashScreen.m in Sources */ = {isa = PBXBuildFile; fileRef = 38B355DDBF6549AAB34B268D /* CDVSplashScreen.m */; };
		B427AA10EBF54C02803D5B2F /* CDVViewController+SplashScreen.m in Sources */ = {isa = PBXBuildFile; fileRef = 619451809346414797D47121 /* CDVViewController+SplashScreen.m */; };
		E09ABA59644A48B89DABDE71 /* CDVStatusBar.m in Sources */ = {isa = PBXBuildFile; fileRef = BE69937D4B0A442399407B50 /* CDVStatusBar.m */; };
		CC8B2F0AC6AF46309ACC717C /* TouchID.m in Sources */ = {isa = PBXBuildFile; fileRef = 465127F889BC4C599303D295 /* TouchID.m */; };
		DFB387BA995C473FBD7074E4 /* LocalAuthentication.framework in Frameworks */ = {isa = PBXBuildFile; fileRef = 3DF0AAA40291485D96152873 /* LocalAuthentication.framework */; };
		15A89B3C64F34048A456B0CE /* Security.framework in Frameworks */ = {isa = PBXBuildFile; fileRef = A7CF29F9C2FB4E9FA9555A73 /* Security.framework */; };
		F8C1751567264633B4A56957 /* IonicConstant.m in Sources */ = {isa = PBXBuildFile; fileRef = C1FB02A97A004AA2A6A948C4 /* IonicConstant.m */; };
		E0DD8EC5513E471D8D2F9280 /* IonicDeploy.m in Sources */ = {isa = PBXBuildFile; fileRef = 7EAA8A3F0B9846E297F463D4 /* IonicDeploy.m */; };
		74E0750B57DB48D3A99F2462 /* Download.m in Sources */ = {isa = PBXBuildFile; fileRef = 383AC36B500E48C6A2FE2E25 /* Download.m */; };
		B7B97C9F10FE4CC48702C791 /* DownloadManager.m in Sources */ = {isa = PBXBuildFile; fileRef = 6A5D5FB4AE5B45A7958D9912 /* DownloadManager.m */; };
		9C4E180CF2F54A568E54DEC7 /* SSZipArchive.m in Sources */ = {isa = PBXBuildFile; fileRef = EC898CF61B3D4E359C30B9D0 /* SSZipArchive.m */; };
		EE48D119FC3A4552BF4F47E7 /* ioapi.c in Resources */ = {isa = PBXBuildFile; fileRef = EC4464509A7A4FEC837AEC50 /* ioapi.c */; };
		0A636DDB3FED4EACBD68B361 /* unzip.c in Resources */ = {isa = PBXBuildFile; fileRef = A222C029723E4302B9615E49 /* unzip.c */; };
		02221740C4674CA68FEB99D2 /* zip.c in Resources */ = {isa = PBXBuildFile; fileRef = CE4997D2CF304A9D851F6602 /* zip.c */; };
		09A883A41B0C40E5A0D5E4E5 /* adler32.c in Resources */ = {isa = PBXBuildFile; fileRef = 560223935733467EB09AB7A8 /* adler32.c */; };
		0D3D96BDBFEC46BEB5EC6F55 /* compress.c in Resources */ = {isa = PBXBuildFile; fileRef = 94DA8F509A034FE59BAAAC7B /* compress.c */; };
		FDDFEC1FAF004E0BBAF4AB24 /* crc32.c in Resources */ = {isa = PBXBuildFile; fileRef = DE14A7D7EDBE459B9A3089BD /* crc32.c */; };
		3FF471CE971545148021109F /* deflate.c in Resources */ = {isa = PBXBuildFile; fileRef = A67E53D6A9484938B06DA49E /* deflate.c */; };
		4CD2107872D3493EBB6FD6DE /* gzclose.c in Resources */ = {isa = PBXBuildFile; fileRef = 1A4E8B9A51DE426B9B216E2C /* gzclose.c */; };
		DB6872B630364F909190367C /* gzlib.c in Resources */ = {isa = PBXBuildFile; fileRef = 7F2AAF42468443078926FBCD /* gzlib.c */; };
		69EE61F188B84EBA9F01E9DE /* gzread.c in Resources */ = {isa = PBXBuildFile; fileRef = 6CBF42BC11BB4984B72A683F /* gzread.c */; };
		780ECABE5AAB40A79F5FBD81 /* gzwrite.c in Resources */ = {isa = PBXBuildFile; fileRef = 366F81328C0F47BC875E3BD3 /* gzwrite.c */; };
		ACE0DFBE289D44F89D04501C /* infback.c in Resources */ = {isa = PBXBuildFile; fileRef = C2B5B6FEC2294C4A9BC617E6 /* infback.c */; };
		5D7DCAF3FB19410FBEEE8E0D /* inffast.c in Resources */ = {isa = PBXBuildFile; fileRef = 32BDE41383AE4D94B93FA334 /* inffast.c */; };
		741FB33ED31148C2B9443DAB /* inflate.c in Resources */ = {isa = PBXBuildFile; fileRef = 06F2A515241E482484C8279C /* inflate.c */; };
		83D3FE29FE6E424997AD6143 /* inftrees.c in Resources */ = {isa = PBXBuildFile; fileRef = CE491CE3B25C459BA2B8E5C5 /* inftrees.c */; };
		9AA05B3C509643F5A3CA96C8 /* trees.c in Resources */ = {isa = PBXBuildFile; fileRef = 060D77ECF6714793A3D2820D /* trees.c */; };
		7ABC037C1BD34FD7A37AF657 /* uncompr.c in Resources */ = {isa = PBXBuildFile; fileRef = 7CCCDA5221A14546839468A2 /* uncompr.c */; };
		FA959221DE05404AA616B577 /* zutil.c in Resources */ = {isa = PBXBuildFile; fileRef = 1883BFDE022941A196E44739 /* zutil.c */; };
		5737B4EF8C51492EA3F78BD5 /* Base64.m in Sources */ = {isa = PBXBuildFile; fileRef = 9EBB59BD6F644999BC67452B /* Base64.m */; };
		D9372E52047F41E78EFF5F7C /* UNIHTTPClientHelper.m in Sources */ = {isa = PBXBuildFile; fileRef = 1B4BBAF4B463459EB5105557 /* UNIHTTPClientHelper.m */; };
		592085BE4DEE4B32A1866614 /* UNIHTTPRequest.m in Sources */ = {isa = PBXBuildFile; fileRef = BAD2168675ED4DE8A4575D0C /* UNIHTTPRequest.m */; };
		A472BAE1F997450DAC699531 /* UNIHTTPRequestWithBody.m in Sources */ = {isa = PBXBuildFile; fileRef = 9BF48931166743D38FEBB348 /* UNIHTTPRequestWithBody.m */; };
		B026DBEC25584484BC09FC19 /* UNIRest.m in Sources */ = {isa = PBXBuildFile; fileRef = 8402BFBED45749A39C6E70A9 /* UNIRest.m */; };
		6DD8A105A7E54A849C1F80E7 /* UNIUrlConnection.m in Sources */ = {isa = PBXBuildFile; fileRef = A15130DFE2C045889A61DADB /* UNIUrlConnection.m */; };
		F375CFE452DB49AABD7834BA /* UNIBaseRequest.m in Sources */ = {isa = PBXBuildFile; fileRef = EC629D211107443AA3F0355D /* UNIBaseRequest.m */; };
		911908F6F69A45388D95C891 /* UNIBodyRequest.m in Sources */ = {isa = PBXBuildFile; fileRef = 4A9010EDC8474E98AAE1C160 /* UNIBodyRequest.m */; };
		3BB53CC1A61442B29F6AC0D8 /* UNISimpleRequest.m in Sources */ = {isa = PBXBuildFile; fileRef = 0E9D3D1F4FE34DD7B1A10D4D /* UNISimpleRequest.m */; };
		614AA3BA550B4E2780363315 /* UNIHTTPBinaryResponse.m in Sources */ = {isa = PBXBuildFile; fileRef = A09C864F6CA24F5D9027EFB1 /* UNIHTTPBinaryResponse.m */; };
		A8E807F2B396456CA8A81C8D /* UNIHTTPJsonResponse.m in Sources */ = {isa = PBXBuildFile; fileRef = BF392E24DD614D96B764EC9F /* UNIHTTPJsonResponse.m */; };
		101EB5EBD4A348968405C1D2 /* UNIHTTPResponse.m in Sources */ = {isa = PBXBuildFile; fileRef = E6704BB1F9E045E5B9C3B287 /* UNIHTTPResponse.m */; };
		4D974DCA04A54081B4A6D836 /* UNIHTTPStringResponse.m in Sources */ = {isa = PBXBuildFile; fileRef = E7E8FD0CDB18435C83B9D83C /* UNIHTTPStringResponse.m */; };
		4421F09BF8E949B5A0CF9FC4 /* UNIJsonNode.m in Sources */ = {isa = PBXBuildFile; fileRef = 42C4CEB2DD11479987A7EDDB /* UNIJsonNode.m */; };
		E6611C32D42A4F9EB4C5CBB6 /* IonicKeyboard.m in Sources */ = {isa = PBXBuildFile; fileRef = 157D4F1AF8814A8AACFBD832 /* IonicKeyboard.m */; };
		9207256ADF8A403CB8206AC9 /* UIWebViewExtension.m in Sources */ = {isa = PBXBuildFile; fileRef = 456819F695C5467497803C15 /* UIWebViewExtension.m */; };
/* End PBXBuildFile section */

/* Begin PBXContainerItemProxy section */
		301BF534109A57CC0062928A /* PBXContainerItemProxy */ = {
			isa = PBXContainerItemProxy;
			containerPortal = 301BF52D109A57CC0062928A /* CordovaLib.xcodeproj */;
			proxyType = 2;
			remoteGlobalIDString = D2AAC07E0554694100DB518D;
			remoteInfo = CordovaLib;
		};
		301BF550109A68C00062928A /* PBXContainerItemProxy */ = {
			isa = PBXContainerItemProxy;
			containerPortal = 301BF52D109A57CC0062928A /* CordovaLib.xcodeproj */;
			proxyType = 1;
			remoteGlobalIDString = D2AAC07D0554694100DB518D;
			remoteInfo = CordovaLib;
		};
/* End PBXContainerItemProxy section */

/* Begin PBXFileReference section */
		0207DA571B56EA530066E2B4 /* Images.xcassets */ = {isa = PBXFileReference; lastKnownFileType = folder.assetcatalog; name = Images.xcassets; path = "UMB_HSA/Images.xcassets"; sourceTree = SOURCE_ROOT; };
		1D3623240D0F684500981E51 /* AppDelegate.h */ = {isa = PBXFileReference; fileEncoding = 4; lastKnownFileType = sourcecode.c.h; path = AppDelegate.h; sourceTree = "<group>"; };
		1D3623250D0F684500981E51 /* AppDelegate.m */ = {isa = PBXFileReference; fileEncoding = 4; lastKnownFileType = sourcecode.c.objc; path = AppDelegate.m; sourceTree = "<group>"; };
		1D6058910D05DD3D006BFB54 /* UMB_HSA.app */ = {isa = PBXFileReference; explicitFileType = wrapper.application; includeInIndex = 0; path = "UMB_HSA.app"; sourceTree = BUILT_PRODUCTS_DIR; };
		29B97316FDCFA39411CA2CEA /* main.m */ = {isa = PBXFileReference; fileEncoding = 4; lastKnownFileType = sourcecode.c.objc; path = main.m; sourceTree = "<group>"; };
		301BF52D109A57CC0062928A /* CordovaLib.xcodeproj */ = {isa = PBXFileReference; lastKnownFileType = "wrapper.pb-project"; name = CordovaLib.xcodeproj; path = CordovaLib/CordovaLib.xcodeproj; sourceTree = "<group>"; };
		301BF56E109A69640062928A /* www */ = {isa = PBXFileReference; lastKnownFileType = folder; path = www; sourceTree = SOURCE_ROOT; };
		302D95EE14D2391D003F00A1 /* MainViewController.h */ = {isa = PBXFileReference; fileEncoding = 4; lastKnownFileType = sourcecode.c.h; path = MainViewController.h; sourceTree = "<group>"; };
		302D95EF14D2391D003F00A1 /* MainViewController.m */ = {isa = PBXFileReference; fileEncoding = 4; lastKnownFileType = sourcecode.c.objc; path = MainViewController.m; sourceTree = "<group>"; };
		302D95F014D2391D003F00A1 /* MainViewController.xib */ = {isa = PBXFileReference; fileEncoding = 4; lastKnownFileType = file.xib; path = MainViewController.xib; sourceTree = "<group>"; };
		3047A50F1AB8059700498E2A /* build-debug.xcconfig */ = {isa = PBXFileReference; fileEncoding = 4; lastKnownFileType = text.xcconfig; name = "build-debug.xcconfig"; path = cordova/build-debug.xcconfig; sourceTree = SOURCE_ROOT; };
		3047A5101AB8059700498E2A /* build-release.xcconfig */ = {isa = PBXFileReference; fileEncoding = 4; lastKnownFileType = text.xcconfig; name = "build-release.xcconfig"; path = cordova/build-release.xcconfig; sourceTree = SOURCE_ROOT; };
		3047A5111AB8059700498E2A /* build.xcconfig */ = {isa = PBXFileReference; fileEncoding = 4; lastKnownFileType = text.xcconfig; name = build.xcconfig; path = cordova/build.xcconfig; sourceTree = SOURCE_ROOT; };
		32CA4F630368D1EE00C91783 /* UMB_HSA-Prefix.pch */ = {isa = PBXFileReference; fileEncoding = 4; lastKnownFileType = sourcecode.c.h; path = "UMB_HSA-Prefix.pch"; sourceTree = "<group>"; };
		8D1107310486CEB800E47090 /* UMB_HSA-Info.plist */ = {isa = PBXFileReference; fileEncoding = 4; lastKnownFileType = text.plist.xml; name = "UMB_HSA-Info.plist"; path = "UMB_HSA/UMB_HSA-Info.plist"; plistStructureDefinitionIdentifier = "com.apple.xcode.plist.structure-definition.iphone.info-plist"; sourceTree = SOURCE_ROOT; };
		EB87FDF31871DA8E0020F90C /* www */ = {isa = PBXFileReference; lastKnownFileType = folder; name = www; path = ../../www; sourceTree = "<group>"; };
		EB87FDF41871DAF40020F90C /* config.xml */ = {isa = PBXFileReference; lastKnownFileType = text.xml; name = config.xml; path = ../../config.xml; sourceTree = "<group>"; };
		F840E1F0165FE0F500CFE078 /* config.xml */ = {isa = PBXFileReference; lastKnownFileType = text.xml; name = config.xml; path = "UMB_HSA/config.xml"; sourceTree = "<group>"; };
		ED33DF2A687741AEAF9F8254 /* Bridging-Header.h */ = {isa = PBXFileReference; fileEncoding = 4; lastKnownFileType = sourcecode.c.h; name = "Bridging-Header.h"; path = "Bridging-Header.h"; sourceTree = "<group>"; };
		863AD7C149064EB297582FBA /* UIImage+CropScaleOrientation.m */ = {isa = PBXFileReference; name = "UIImage+CropScaleOrientation.m"; path = "cordova-plugin-camera/UIImage+CropScaleOrientation.m"; sourceTree = "<group>"; fileEncoding = 4; lastKnownFileType = sourcecode.c.objc; explicitFileType = undefined; includeInIndex = 0; };
		2F2CB41A2C8F48A2A9B3A64F /* CDVCamera.m */ = {isa = PBXFileReference; name = "CDVCamera.m"; path = "cordova-plugin-camera/CDVCamera.m"; sourceTree = "<group>"; fileEncoding = 4; lastKnownFileType = sourcecode.c.objc; explicitFileType = undefined; includeInIndex = 0; };
		0F250B00C5E04757AF93BB85 /* CDVJpegHeaderWriter.m */ = {isa = PBXFileReference; name = "CDVJpegHeaderWriter.m"; path = "cordova-plugin-camera/CDVJpegHeaderWriter.m"; sourceTree = "<group>"; fileEncoding = 4; lastKnownFileType = sourcecode.c.objc; explicitFileType = undefined; includeInIndex = 0; };
		1427587F09CE47FE839815E3 /* UIImage+CropScaleOrientation.h */ = {isa = PBXFileReference; name = "UIImage+CropScaleOrientation.h"; path = "cordova-plugin-camera/UIImage+CropScaleOrientation.h"; sourceTree = "<group>"; fileEncoding = 4; lastKnownFileType = sourcecode.c.h; explicitFileType = undefined; includeInIndex = 0; };
		1BAD830EE32F48B695C36A59 /* CDVCamera.h */ = {isa = PBXFileReference; name = "CDVCamera.h"; path = "cordova-plugin-camera/CDVCamera.h"; sourceTree = "<group>"; fileEncoding = 4; lastKnownFileType = sourcecode.c.h; explicitFileType = undefined; includeInIndex = 0; };
		E4ADF6B6CFA3403F9C9FE80D /* CDVJpegHeaderWriter.h */ = {isa = PBXFileReference; name = "CDVJpegHeaderWriter.h"; path = "cordova-plugin-camera/CDVJpegHeaderWriter.h"; sourceTree = "<group>"; fileEncoding = 4; lastKnownFileType = sourcecode.c.h; explicitFileType = undefined; includeInIndex = 0; };
		DBDE0F714F3342CD9641860E /* CDVExif.h */ = {isa = PBXFileReference; name = "CDVExif.h"; path = "cordova-plugin-camera/CDVExif.h"; sourceTree = "<group>"; fileEncoding = 4; lastKnownFileType = sourcecode.c.h; explicitFileType = undefined; includeInIndex = 0; };
		99086B5CC9E14CC09FEE4E4A /* ImageIO.framework */ = {isa = PBXFileReference; name = "ImageIO.framework"; path = "System/Library/Frameworks/ImageIO.framework"; sourceTree = SDKROOT; fileEncoding = undefined; lastKnownFileType = wrapper.framework; explicitFileType = undefined; includeInIndex = 0; };
		AB482065D5FE4AF8AFF1128B /* CoreLocation.framework */ = {isa = PBXFileReference; name = "CoreLocation.framework"; path = "System/Library/Frameworks/CoreLocation.framework"; sourceTree = SDKROOT; fileEncoding = undefined; lastKnownFileType = wrapper.framework; explicitFileType = undefined; includeInIndex = 0; };
		7740D868545049E3B2B1983D /* AVFoundation.framework */ = {isa = PBXFileReference; name = "AVFoundation.framework"; path = "System/Library/Frameworks/AVFoundation.framework"; sourceTree = SDKROOT; fileEncoding = undefined; lastKnownFileType = wrapper.framework; explicitFileType = undefined; includeInIndex = 0; };
		7605896CD6E749BFBDC3710E /* CDVLogger.m */ = {isa = PBXFileReference; name = "CDVLogger.m"; path = "cordova-plugin-console/CDVLogger.m"; sourceTree = "<group>"; fileEncoding = 4; lastKnownFileType = sourcecode.c.objc; explicitFileType = undefined; includeInIndex = 0; };
		5CD482825EE74CFF853375C6 /* CDVLogger.h */ = {isa = PBXFileReference; name = "CDVLogger.h"; path = "cordova-plugin-console/CDVLogger.h"; sourceTree = "<group>"; fileEncoding = 4; lastKnownFileType = sourcecode.c.h; explicitFileType = undefined; includeInIndex = 0; };
		74E73528075144ECA5FBAD05 /* CDVDevice.m */ = {isa = PBXFileReference; name = "CDVDevice.m"; path = "cordova-plugin-device/CDVDevice.m"; sourceTree = "<group>"; fileEncoding = 4; lastKnownFileType = sourcecode.c.objc; explicitFileType = undefined; includeInIndex = 0; };
		718282C1FC344215BC008C7D /* CDVDevice.h */ = {isa = PBXFileReference; name = "CDVDevice.h"; path = "cordova-plugin-device/CDVDevice.h"; sourceTree = "<group>"; fileEncoding = 4; lastKnownFileType = sourcecode.c.h; explicitFileType = undefined; includeInIndex = 0; };
		38B355DDBF6549AAB34B268D /* CDVSplashScreen.m */ = {isa = PBXFileReference; name = "CDVSplashScreen.m"; path = "cordova-plugin-splashscreen/CDVSplashScreen.m"; sourceTree = "<group>"; fileEncoding = 4; lastKnownFileType = sourcecode.c.objc; explicitFileType = undefined; includeInIndex = 0; };
		619451809346414797D47121 /* CDVViewController+SplashScreen.m */ = {isa = PBXFileReference; name = "CDVViewController+SplashScreen.m"; path = "cordova-plugin-splashscreen/CDVViewController+SplashScreen.m"; sourceTree = "<group>"; fileEncoding = 4; lastKnownFileType = sourcecode.c.objc; explicitFileType = undefined; includeInIndex = 0; };
		328CB99A1CD341BEBCD4B121 /* CDVSplashScreen.h */ = {isa = PBXFileReference; name = "CDVSplashScreen.h"; path = "cordova-plugin-splashscreen/CDVSplashScreen.h"; sourceTree = "<group>"; fileEncoding = 4; lastKnownFileType = sourcecode.c.h; explicitFileType = undefined; includeInIndex = 0; };
		A605275115FB474CB45A3E76 /* CDVViewController+SplashScreen.h */ = {isa = PBXFileReference; name = "CDVViewController+SplashScreen.h"; path = "cordova-plugin-splashscreen/CDVViewController+SplashScreen.h"; sourceTree = "<group>"; fileEncoding = 4; lastKnownFileType = sourcecode.c.h; explicitFileType = undefined; includeInIndex = 0; };
		BE69937D4B0A442399407B50 /* CDVStatusBar.m */ = {isa = PBXFileReference; name = "CDVStatusBar.m"; path = "cordova-plugin-statusbar/CDVStatusBar.m"; sourceTree = "<group>"; fileEncoding = 4; lastKnownFileType = sourcecode.c.objc; explicitFileType = undefined; includeInIndex = 0; };
		D59D0D9A3BA04FC09F0E97D3 /* CDVStatusBar.h */ = {isa = PBXFileReference; name = "CDVStatusBar.h"; path = "cordova-plugin-statusbar/CDVStatusBar.h"; sourceTree = "<group>"; fileEncoding = 4; lastKnownFileType = sourcecode.c.h; explicitFileType = undefined; includeInIndex = 0; };
		465127F889BC4C599303D295 /* TouchID.m */ = {isa = PBXFileReference; name = "TouchID.m"; path = "cordova-plugin-touchid/TouchID.m"; sourceTree = "<group>"; fileEncoding = 4; lastKnownFileType = sourcecode.c.objc; explicitFileType = undefined; includeInIndex = 0; };
		2C1AAD12AE2147E5A69B89D5 /* TouchID.h */ = {isa = PBXFileReference; name = "TouchID.h"; path = "cordova-plugin-touchid/TouchID.h"; sourceTree = "<group>"; fileEncoding = 4; lastKnownFileType = sourcecode.c.h; explicitFileType = undefined; includeInIndex = 0; };
		3DF0AAA40291485D96152873 /* LocalAuthentication.framework */ = {isa = PBXFileReference; name = "LocalAuthentication.framework"; path = "System/Library/Frameworks/LocalAuthentication.framework"; sourceTree = SDKROOT; fileEncoding = undefined; lastKnownFileType = wrapper.framework; explicitFileType = undefined; includeInIndex = 0; };
		A7CF29F9C2FB4E9FA9555A73 /* Security.framework */ = {isa = PBXFileReference; name = "Security.framework"; path = "System/Library/Frameworks/Security.framework"; sourceTree = SDKROOT; fileEncoding = undefined; lastKnownFileType = wrapper.framework; explicitFileType = undefined; includeInIndex = 0; };
		C1FB02A97A004AA2A6A948C4 /* IonicConstant.m */ = {isa = PBXFileReference; name = "IonicConstant.m"; path = "ionic-plugin-deploy/IonicConstant.m"; sourceTree = "<group>"; fileEncoding = 4; lastKnownFileType = sourcecode.c.objc; explicitFileType = undefined; includeInIndex = 0; };
		7EAA8A3F0B9846E297F463D4 /* IonicDeploy.m */ = {isa = PBXFileReference; name = "IonicDeploy.m"; path = "ionic-plugin-deploy/IonicDeploy.m"; sourceTree = "<group>"; fileEncoding = 4; lastKnownFileType = sourcecode.c.objc; explicitFileType = undefined; includeInIndex = 0; };
		383AC36B500E48C6A2FE2E25 /* Download.m */ = {isa = PBXFileReference; name = "Download.m"; path = "ionic-plugin-deploy/Download.m"; sourceTree = "<group>"; fileEncoding = 4; lastKnownFileType = sourcecode.c.objc; explicitFileType = undefined; includeInIndex = 0; };
		6A5D5FB4AE5B45A7958D9912 /* DownloadManager.m */ = {isa = PBXFileReference; name = "DownloadManager.m"; path = "ionic-plugin-deploy/DownloadManager.m"; sourceTree = "<group>"; fileEncoding = 4; lastKnownFileType = sourcecode.c.objc; explicitFileType = undefined; includeInIndex = 0; };
		EC898CF61B3D4E359C30B9D0 /* SSZipArchive.m */ = {isa = PBXFileReference; name = "SSZipArchive.m"; path = "ionic-plugin-deploy/SSZipArchive.m"; sourceTree = "<group>"; fileEncoding = 4; lastKnownFileType = sourcecode.c.objc; explicitFileType = undefined; includeInIndex = 0; };
		EC4464509A7A4FEC837AEC50 /* ioapi.c */ = {isa = PBXFileReference; name = "ioapi.c"; path = "ionic-plugin-deploy/ioapi.c"; sourceTree = "<group>"; fileEncoding = undefined; lastKnownFileType = unknown; explicitFileType = undefined; includeInIndex = 0; };
		A222C029723E4302B9615E49 /* unzip.c */ = {isa = PBXFileReference; name = "unzip.c"; path = "ionic-plugin-deploy/unzip.c"; sourceTree = "<group>"; fileEncoding = undefined; lastKnownFileType = unknown; explicitFileType = undefined; includeInIndex = 0; };
		CE4997D2CF304A9D851F6602 /* zip.c */ = {isa = PBXFileReference; name = "zip.c"; path = "ionic-plugin-deploy/zip.c"; sourceTree = "<group>"; fileEncoding = undefined; lastKnownFileType = unknown; explicitFileType = undefined; includeInIndex = 0; };
		560223935733467EB09AB7A8 /* adler32.c */ = {isa = PBXFileReference; name = "adler32.c"; path = "ionic-plugin-deploy/adler32.c"; sourceTree = "<group>"; fileEncoding = undefined; lastKnownFileType = unknown; explicitFileType = undefined; includeInIndex = 0; };
		94DA8F509A034FE59BAAAC7B /* compress.c */ = {isa = PBXFileReference; name = "compress.c"; path = "ionic-plugin-deploy/compress.c"; sourceTree = "<group>"; fileEncoding = undefined; lastKnownFileType = unknown; explicitFileType = undefined; includeInIndex = 0; };
		DE14A7D7EDBE459B9A3089BD /* crc32.c */ = {isa = PBXFileReference; name = "crc32.c"; path = "ionic-plugin-deploy/crc32.c"; sourceTree = "<group>"; fileEncoding = undefined; lastKnownFileType = unknown; explicitFileType = undefined; includeInIndex = 0; };
		A67E53D6A9484938B06DA49E /* deflate.c */ = {isa = PBXFileReference; name = "deflate.c"; path = "ionic-plugin-deploy/deflate.c"; sourceTree = "<group>"; fileEncoding = undefined; lastKnownFileType = unknown; explicitFileType = undefined; includeInIndex = 0; };
		1A4E8B9A51DE426B9B216E2C /* gzclose.c */ = {isa = PBXFileReference; name = "gzclose.c"; path = "ionic-plugin-deploy/gzclose.c"; sourceTree = "<group>"; fileEncoding = undefined; lastKnownFileType = unknown; explicitFileType = undefined; includeInIndex = 0; };
		7F2AAF42468443078926FBCD /* gzlib.c */ = {isa = PBXFileReference; name = "gzlib.c"; path = "ionic-plugin-deploy/gzlib.c"; sourceTree = "<group>"; fileEncoding = undefined; lastKnownFileType = unknown; explicitFileType = undefined; includeInIndex = 0; };
		6CBF42BC11BB4984B72A683F /* gzread.c */ = {isa = PBXFileReference; name = "gzread.c"; path = "ionic-plugin-deploy/gzread.c"; sourceTree = "<group>"; fileEncoding = undefined; lastKnownFileType = unknown; explicitFileType = undefined; includeInIndex = 0; };
		366F81328C0F47BC875E3BD3 /* gzwrite.c */ = {isa = PBXFileReference; name = "gzwrite.c"; path = "ionic-plugin-deploy/gzwrite.c"; sourceTree = "<group>"; fileEncoding = undefined; lastKnownFileType = unknown; explicitFileType = undefined; includeInIndex = 0; };
		C2B5B6FEC2294C4A9BC617E6 /* infback.c */ = {isa = PBXFileReference; name = "infback.c"; path = "ionic-plugin-deploy/infback.c"; sourceTree = "<group>"; fileEncoding = undefined; lastKnownFileType = unknown; explicitFileType = undefined; includeInIndex = 0; };
		32BDE41383AE4D94B93FA334 /* inffast.c */ = {isa = PBXFileReference; name = "inffast.c"; path = "ionic-plugin-deploy/inffast.c"; sourceTree = "<group>"; fileEncoding = undefined; lastKnownFileType = unknown; explicitFileType = undefined; includeInIndex = 0; };
		06F2A515241E482484C8279C /* inflate.c */ = {isa = PBXFileReference; name = "inflate.c"; path = "ionic-plugin-deploy/inflate.c"; sourceTree = "<group>"; fileEncoding = undefined; lastKnownFileType = unknown; explicitFileType = undefined; includeInIndex = 0; };
		CE491CE3B25C459BA2B8E5C5 /* inftrees.c */ = {isa = PBXFileReference; name = "inftrees.c"; path = "ionic-plugin-deploy/inftrees.c"; sourceTree = "<group>"; fileEncoding = undefined; lastKnownFileType = unknown; explicitFileType = undefined; includeInIndex = 0; };
		060D77ECF6714793A3D2820D /* trees.c */ = {isa = PBXFileReference; name = "trees.c"; path = "ionic-plugin-deploy/trees.c"; sourceTree = "<group>"; fileEncoding = undefined; lastKnownFileType = unknown; explicitFileType = undefined; includeInIndex = 0; };
		7CCCDA5221A14546839468A2 /* uncompr.c */ = {isa = PBXFileReference; name = "uncompr.c"; path = "ionic-plugin-deploy/uncompr.c"; sourceTree = "<group>"; fileEncoding = undefined; lastKnownFileType = unknown; explicitFileType = undefined; includeInIndex = 0; };
		1883BFDE022941A196E44739 /* zutil.c */ = {isa = PBXFileReference; name = "zutil.c"; path = "ionic-plugin-deploy/zutil.c"; sourceTree = "<group>"; fileEncoding = undefined; lastKnownFileType = unknown; explicitFileType = undefined; includeInIndex = 0; };
		9EBB59BD6F644999BC67452B /* Base64.m */ = {isa = PBXFileReference; name = "Base64.m"; path = "ionic-plugin-deploy/Base64.m"; sourceTree = "<group>"; fileEncoding = 4; lastKnownFileType = sourcecode.c.objc; explicitFileType = undefined; includeInIndex = 0; };
		1B4BBAF4B463459EB5105557 /* UNIHTTPClientHelper.m */ = {isa = PBXFileReference; name = "UNIHTTPClientHelper.m"; path = "ionic-plugin-deploy/UNIHTTPClientHelper.m"; sourceTree = "<group>"; fileEncoding = 4; lastKnownFileType = sourcecode.c.objc; explicitFileType = undefined; includeInIndex = 0; };
		BAD2168675ED4DE8A4575D0C /* UNIHTTPRequest.m */ = {isa = PBXFileReference; name = "UNIHTTPRequest.m"; path = "ionic-plugin-deploy/UNIHTTPRequest.m"; sourceTree = "<group>"; fileEncoding = 4; lastKnownFileType = sourcecode.c.objc; explicitFileType = undefined; includeInIndex = 0; };
		9BF48931166743D38FEBB348 /* UNIHTTPRequestWithBody.m */ = {isa = PBXFileReference; name = "UNIHTTPRequestWithBody.m"; path = "ionic-plugin-deploy/UNIHTTPRequestWithBody.m"; sourceTree = "<group>"; fileEncoding = 4; lastKnownFileType = sourcecode.c.objc; explicitFileType = undefined; includeInIndex = 0; };
		8402BFBED45749A39C6E70A9 /* UNIRest.m */ = {isa = PBXFileReference; name = "UNIRest.m"; path = "ionic-plugin-deploy/UNIRest.m"; sourceTree = "<group>"; fileEncoding = 4; lastKnownFileType = sourcecode.c.objc; explicitFileType = undefined; includeInIndex = 0; };
		A15130DFE2C045889A61DADB /* UNIUrlConnection.m */ = {isa = PBXFileReference; name = "UNIUrlConnection.m"; path = "ionic-plugin-deploy/UNIUrlConnection.m"; sourceTree = "<group>"; fileEncoding = 4; lastKnownFileType = sourcecode.c.objc; explicitFileType = undefined; includeInIndex = 0; };
		EC629D211107443AA3F0355D /* UNIBaseRequest.m */ = {isa = PBXFileReference; name = "UNIBaseRequest.m"; path = "ionic-plugin-deploy/UNIBaseRequest.m"; sourceTree = "<group>"; fileEncoding = 4; lastKnownFileType = sourcecode.c.objc; explicitFileType = undefined; includeInIndex = 0; };
		4A9010EDC8474E98AAE1C160 /* UNIBodyRequest.m */ = {isa = PBXFileReference; name = "UNIBodyRequest.m"; path = "ionic-plugin-deploy/UNIBodyRequest.m"; sourceTree = "<group>"; fileEncoding = 4; lastKnownFileType = sourcecode.c.objc; explicitFileType = undefined; includeInIndex = 0; };
		0E9D3D1F4FE34DD7B1A10D4D /* UNISimpleRequest.m */ = {isa = PBXFileReference; name = "UNISimpleRequest.m"; path = "ionic-plugin-deploy/UNISimpleRequest.m"; sourceTree = "<group>"; fileEncoding = 4; lastKnownFileType = sourcecode.c.objc; explicitFileType = undefined; includeInIndex = 0; };
		A09C864F6CA24F5D9027EFB1 /* UNIHTTPBinaryResponse.m */ = {isa = PBXFileReference; name = "UNIHTTPBinaryResponse.m"; path = "ionic-plugin-deploy/UNIHTTPBinaryResponse.m"; sourceTree = "<group>"; fileEncoding = 4; lastKnownFileType = sourcecode.c.objc; explicitFileType = undefined; includeInIndex = 0; };
		BF392E24DD614D96B764EC9F /* UNIHTTPJsonResponse.m */ = {isa = PBXFileReference; name = "UNIHTTPJsonResponse.m"; path = "ionic-plugin-deploy/UNIHTTPJsonResponse.m"; sourceTree = "<group>"; fileEncoding = 4; lastKnownFileType = sourcecode.c.objc; explicitFileType = undefined; includeInIndex = 0; };
		E6704BB1F9E045E5B9C3B287 /* UNIHTTPResponse.m */ = {isa = PBXFileReference; name = "UNIHTTPResponse.m"; path = "ionic-plugin-deploy/UNIHTTPResponse.m"; sourceTree = "<group>"; fileEncoding = 4; lastKnownFileType = sourcecode.c.objc; explicitFileType = undefined; includeInIndex = 0; };
		E7E8FD0CDB18435C83B9D83C /* UNIHTTPStringResponse.m */ = {isa = PBXFileReference; name = "UNIHTTPStringResponse.m"; path = "ionic-plugin-deploy/UNIHTTPStringResponse.m"; sourceTree = "<group>"; fileEncoding = 4; lastKnownFileType = sourcecode.c.objc; explicitFileType = undefined; includeInIndex = 0; };
		42C4CEB2DD11479987A7EDDB /* UNIJsonNode.m */ = {isa = PBXFileReference; name = "UNIJsonNode.m"; path = "ionic-plugin-deploy/UNIJsonNode.m"; sourceTree = "<group>"; fileEncoding = 4; lastKnownFileType = sourcecode.c.objc; explicitFileType = undefined; includeInIndex = 0; };
		684BA78901FC4E5EB8290754 /* IonicConstant.h */ = {isa = PBXFileReference; name = "IonicConstant.h"; path = "ionic-plugin-deploy/IonicConstant.h"; sourceTree = "<group>"; fileEncoding = 4; lastKnownFileType = sourcecode.c.h; explicitFileType = undefined; includeInIndex = 0; };
		7E26278A0A3949BBB4A74A42 /* IonicDeploy.h */ = {isa = PBXFileReference; name = "IonicDeploy.h"; path = "ionic-plugin-deploy/IonicDeploy.h"; sourceTree = "<group>"; fileEncoding = 4; lastKnownFileType = sourcecode.c.h; explicitFileType = undefined; includeInIndex = 0; };
		09AD7A0A55F44C45B3C42581 /* Download.h */ = {isa = PBXFileReference; name = "Download.h"; path = "ionic-plugin-deploy/Download.h"; sourceTree = "<group>"; fileEncoding = 4; lastKnownFileType = sourcecode.c.h; explicitFileType = undefined; includeInIndex = 0; };
		52EABF62E164413182B284AA /* DownloadManager.h */ = {isa = PBXFileReference; name = "DownloadManager.h"; path = "ionic-plugin-deploy/DownloadManager.h"; sourceTree = "<group>"; fileEncoding = 4; lastKnownFileType = sourcecode.c.h; explicitFileType = undefined; includeInIndex = 0; };
		D750A5763E754E2388C5CBC0 /* SSZipArchive.h */ = {isa = PBXFileReference; name = "SSZipArchive.h"; path = "ionic-plugin-deploy/SSZipArchive.h"; sourceTree = "<group>"; fileEncoding = 4; lastKnownFileType = sourcecode.c.h; explicitFileType = undefined; includeInIndex = 0; };
		90A25C3965ED4D21A502FB24 /* ARCHelper.h */ = {isa = PBXFileReference; name = "ARCHelper.h"; path = "ionic-plugin-deploy/ARCHelper.h"; sourceTree = "<group>"; fileEncoding = 4; lastKnownFileType = sourcecode.c.h; explicitFileType = undefined; includeInIndex = 0; };
		44A8492899D34906A7118A16 /* crypt.h */ = {isa = PBXFileReference; name = "crypt.h"; path = "ionic-plugin-deploy/crypt.h"; sourceTree = "<group>"; fileEncoding = 4; lastKnownFileType = sourcecode.c.h; explicitFileType = undefined; includeInIndex = 0; };
		137E7C5DFA104E569CE028F0 /* ioapi.h */ = {isa = PBXFileReference; name = "ioapi.h"; path = "ionic-plugin-deploy/ioapi.h"; sourceTree = "<group>"; fileEncoding = 4; lastKnownFileType = sourcecode.c.h; explicitFileType = undefined; includeInIndex = 0; };
		4C132DBCA23445F488D098F6 /* unzip.h */ = {isa = PBXFileReference; name = "unzip.h"; path = "ionic-plugin-deploy/unzip.h"; sourceTree = "<group>"; fileEncoding = 4; lastKnownFileType = sourcecode.c.h; explicitFileType = undefined; includeInIndex = 0; };
		B8CE9985765D4AE79551F3AC /* zip.h */ = {isa = PBXFileReference; name = "zip.h"; path = "ionic-plugin-deploy/zip.h"; sourceTree = "<group>"; fileEncoding = 4; lastKnownFileType = sourcecode.c.h; explicitFileType = undefined; includeInIndex = 0; };
		53B017F86AAD40429756ACFC /* crc32.h */ = {isa = PBXFileReference; name = "crc32.h"; path = "ionic-plugin-deploy/crc32.h"; sourceTree = "<group>"; fileEncoding = 4; lastKnownFileType = sourcecode.c.h; explicitFileType = undefined; includeInIndex = 0; };
		CF207CBFFBF44C7D9DFAB6E9 /* deflate.h */ = {isa = PBXFileReference; name = "deflate.h"; path = "ionic-plugin-deploy/deflate.h"; sourceTree = "<group>"; fileEncoding = 4; lastKnownFileType = sourcecode.c.h; explicitFileType = undefined; includeInIndex = 0; };
		A8DF8C95B9A94335A8888CD0 /* gzguts.h */ = {isa = PBXFileReference; name = "gzguts.h"; path = "ionic-plugin-deploy/gzguts.h"; sourceTree = "<group>"; fileEncoding = 4; lastKnownFileType = sourcecode.c.h; explicitFileType = undefined; includeInIndex = 0; };
		602E49815531471DA907E008 /* inffast.h */ = {isa = PBXFileReference; name = "inffast.h"; path = "ionic-plugin-deploy/inffast.h"; sourceTree = "<group>"; fileEncoding = 4; lastKnownFileType = sourcecode.c.h; explicitFileType = undefined; includeInIndex = 0; };
		AE9627D3D78446ABB02E705D /* inffixed.h */ = {isa = PBXFileReference; name = "inffixed.h"; path = "ionic-plugin-deploy/inffixed.h"; sourceTree = "<group>"; fileEncoding = 4; lastKnownFileType = sourcecode.c.h; explicitFileType = undefined; includeInIndex = 0; };
		F5E8E68590EB45568D6A397C /* inflate.h */ = {isa = PBXFileReference; name = "inflate.h"; path = "ionic-plugin-deploy/inflate.h"; sourceTree = "<group>"; fileEncoding = 4; lastKnownFileType = sourcecode.c.h; explicitFileType = undefined; includeInIndex = 0; };
		05ED6F4414B24FE3876FA3EE /* inftrees.h */ = {isa = PBXFileReference; name = "inftrees.h"; path = "ionic-plugin-deploy/inftrees.h"; sourceTree = "<group>"; fileEncoding = 4; lastKnownFileType = sourcecode.c.h; explicitFileType = undefined; includeInIndex = 0; };
		F3D8F3E136FB4887B4649182 /* trees.h */ = {isa = PBXFileReference; name = "trees.h"; path = "ionic-plugin-deploy/trees.h"; sourceTree = "<group>"; fileEncoding = 4; lastKnownFileType = sourcecode.c.h; explicitFileType = undefined; includeInIndex = 0; };
		277C34B9560A44829671B8C8 /* zconf.h */ = {isa = PBXFileReference; name = "zconf.h"; path = "ionic-plugin-deploy/zconf.h"; sourceTree = "<group>"; fileEncoding = 4; lastKnownFileType = sourcecode.c.h; explicitFileType = undefined; includeInIndex = 0; };
		66F84272F6944BB383BCD824 /* zlib.h */ = {isa = PBXFileReference; name = "zlib.h"; path = "ionic-plugin-deploy/zlib.h"; sourceTree = "<group>"; fileEncoding = 4; lastKnownFileType = sourcecode.c.h; explicitFileType = undefined; includeInIndex = 0; };
		C6103270AA1E46658FA2D5DD /* zutil.h */ = {isa = PBXFileReference; name = "zutil.h"; path = "ionic-plugin-deploy/zutil.h"; sourceTree = "<group>"; fileEncoding = 4; lastKnownFileType = sourcecode.c.h; explicitFileType = undefined; includeInIndex = 0; };
		E76FB26B4D61428EB37D94FC /* Base64.h */ = {isa = PBXFileReference; name = "Base64.h"; path = "ionic-plugin-deploy/Base64.h"; sourceTree = "<group>"; fileEncoding = 4; lastKnownFileType = sourcecode.c.h; explicitFileType = undefined; includeInIndex = 0; };
		BEEAF32F92084D599D131EF0 /* UNIHTTPClientHelper.h */ = {isa = PBXFileReference; name = "UNIHTTPClientHelper.h"; path = "ionic-plugin-deploy/UNIHTTPClientHelper.h"; sourceTree = "<group>"; fileEncoding = 4; lastKnownFileType = sourcecode.c.h; explicitFileType = undefined; includeInIndex = 0; };
		8A934F8868164440A35B97D3 /* UNIHTTPRequest.h */ = {isa = PBXFileReference; name = "UNIHTTPRequest.h"; path = "ionic-plugin-deploy/UNIHTTPRequest.h"; sourceTree = "<group>"; fileEncoding = 4; lastKnownFileType = sourcecode.c.h; explicitFileType = undefined; includeInIndex = 0; };
		2A052A9501FE403BAFA273D4 /* UNIHTTPRequestWithBody.h */ = {isa = PBXFileReference; name = "UNIHTTPRequestWithBody.h"; path = "ionic-plugin-deploy/UNIHTTPRequestWithBody.h"; sourceTree = "<group>"; fileEncoding = 4; lastKnownFileType = sourcecode.c.h; explicitFileType = undefined; includeInIndex = 0; };
		510F98418DDA44C5A75394D6 /* Unirest-Prefix.pch */ = {isa = PBXFileReference; name = "Unirest-Prefix.pch"; path = "ionic-plugin-deploy/Unirest-Prefix.pch"; sourceTree = "<group>"; fileEncoding = 4; lastKnownFileType = sourcecode.c.h; explicitFileType = undefined; includeInIndex = 0; };
		AD8717F885D44BDAB70CA3E8 /* UNIRest.h */ = {isa = PBXFileReference; name = "UNIRest.h"; path = "ionic-plugin-deploy/UNIRest.h"; sourceTree = "<group>"; fileEncoding = 4; lastKnownFileType = sourcecode.c.h; explicitFileType = undefined; includeInIndex = 0; };
		5F73BBD1379C4512934EA62C /* UNIUrlConnection.h */ = {isa = PBXFileReference; name = "UNIUrlConnection.h"; path = "ionic-plugin-deploy/UNIUrlConnection.h"; sourceTree = "<group>"; fileEncoding = 4; lastKnownFileType = sourcecode.c.h; explicitFileType = undefined; includeInIndex = 0; };
		9983224822B24B1DAFBE529B /* UNIBaseRequest.h */ = {isa = PBXFileReference; name = "UNIBaseRequest.h"; path = "ionic-plugin-deploy/UNIBaseRequest.h"; sourceTree = "<group>"; fileEncoding = 4; lastKnownFileType = sourcecode.c.h; explicitFileType = undefined; includeInIndex = 0; };
		B80B2CE2918C45A285F2F2E1 /* UNIBodyRequest.h */ = {isa = PBXFileReference; name = "UNIBodyRequest.h"; path = "ionic-plugin-deploy/UNIBodyRequest.h"; sourceTree = "<group>"; fileEncoding = 4; lastKnownFileType = sourcecode.c.h; explicitFileType = undefined; includeInIndex = 0; };
		6D2B58D7B9A846AD8013F265 /* UNISimpleRequest.h */ = {isa = PBXFileReference; name = "UNISimpleRequest.h"; path = "ionic-plugin-deploy/UNISimpleRequest.h"; sourceTree = "<group>"; fileEncoding = 4; lastKnownFileType = sourcecode.c.h; explicitFileType = undefined; includeInIndex = 0; };
		B4854A38FFD34C82851753CE /* UNIHTTPBinaryResponse.h */ = {isa = PBXFileReference; name = "UNIHTTPBinaryResponse.h"; path = "ionic-plugin-deploy/UNIHTTPBinaryResponse.h"; sourceTree = "<group>"; fileEncoding = 4; lastKnownFileType = sourcecode.c.h; explicitFileType = undefined; includeInIndex = 0; };
		9534CAF6449349F38E476FD5 /* UNIHTTPJsonResponse.h */ = {isa = PBXFileReference; name = "UNIHTTPJsonResponse.h"; path = "ionic-plugin-deploy/UNIHTTPJsonResponse.h"; sourceTree = "<group>"; fileEncoding = 4; lastKnownFileType = sourcecode.c.h; explicitFileType = undefined; includeInIndex = 0; };
		AB5EC563852C434CB6CEC1F7 /* UNIHTTPResponse.h */ = {isa = PBXFileReference; name = "UNIHTTPResponse.h"; path = "ionic-plugin-deploy/UNIHTTPResponse.h"; sourceTree = "<group>"; fileEncoding = 4; lastKnownFileType = sourcecode.c.h; explicitFileType = undefined; includeInIndex = 0; };
		4C565C0A47134CE1BDB0D897 /* UNIHTTPStringResponse.h */ = {isa = PBXFileReference; name = "UNIHTTPStringResponse.h"; path = "ionic-plugin-deploy/UNIHTTPStringResponse.h"; sourceTree = "<group>"; fileEncoding = 4; lastKnownFileType = sourcecode.c.h; explicitFileType = undefined; includeInIndex = 0; };
		1FC7586167704536AAE44434 /* UNIJsonNode.h */ = {isa = PBXFileReference; name = "UNIJsonNode.h"; path = "ionic-plugin-deploy/UNIJsonNode.h"; sourceTree = "<group>"; fileEncoding = 4; lastKnownFileType = sourcecode.c.h; explicitFileType = undefined; includeInIndex = 0; };
		157D4F1AF8814A8AACFBD832 /* IonicKeyboard.m */ = {isa = PBXFileReference; name = "IonicKeyboard.m"; path = "ionic-plugin-keyboard/IonicKeyboard.m"; sourceTree = "<group>"; fileEncoding = 4; lastKnownFileType = sourcecode.c.objc; explicitFileType = undefined; includeInIndex = 0; };
		456819F695C5467497803C15 /* UIWebViewExtension.m */ = {isa = PBXFileReference; name = "UIWebViewExtension.m"; path = "ionic-plugin-keyboard/UIWebViewExtension.m"; sourceTree = "<group>"; fileEncoding = 4; lastKnownFileType = sourcecode.c.objc; explicitFileType = undefined; includeInIndex = 0; };
		7517F7F8A0C74FA79CE70863 /* IonicKeyboard.h */ = {isa = PBXFileReference; name = "IonicKeyboard.h"; path = "ionic-plugin-keyboard/IonicKeyboard.h"; sourceTree = "<group>"; fileEncoding = 4; lastKnownFileType = sourcecode.c.h; explicitFileType = undefined; includeInIndex = 0; };
		88FBC04A9EA84D5FA4F3D82A /* UIWebViewExtension.h */ = {isa = PBXFileReference; name = "UIWebViewExtension.h"; path = "ionic-plugin-keyboard/UIWebViewExtension.h"; sourceTree = "<group>"; fileEncoding = 4; lastKnownFileType = sourcecode.c.h; explicitFileType = undefined; includeInIndex = 0; };
/* End PBXFileReference section */

/* Begin PBXFrameworksBuildPhase section */
		1D60588F0D05DD3D006BFB54 /* Frameworks */ = {
			isa = PBXFrameworksBuildPhase;
			buildActionMask = 2147483647;
			files = (
				301BF552109A68D80062928A /* libCordova.a in Frameworks */,
				5809E1FE8DE7463A9A099EE0 /* ImageIO.framework in Frameworks */,
				3EA5AE6BD0994252BA3F70C2 /* CoreLocation.framework in Frameworks */,
				7A1F38EF3E7740CEBE1E3C95 /* AVFoundation.framework in Frameworks */,
				DFB387BA995C473FBD7074E4 /* LocalAuthentication.framework in Frameworks */,
				15A89B3C64F34048A456B0CE /* Security.framework in Frameworks */,
			);
			runOnlyForDeploymentPostprocessing = 0;
		};
/* End PBXFrameworksBuildPhase section */

/* Begin PBXGroup section */
		080E96DDFE201D6D7F000001 /* Classes */ = {
			isa = PBXGroup;
			children = (
				302D95EE14D2391D003F00A1 /* MainViewController.h */,
				302D95EF14D2391D003F00A1 /* MainViewController.m */,
				302D95F014D2391D003F00A1 /* MainViewController.xib */,
				1D3623240D0F684500981E51 /* AppDelegate.h */,
				1D3623250D0F684500981E51 /* AppDelegate.m */,
			);
			name = Classes;
			path = "UMB_HSA/Classes";
			sourceTree = SOURCE_ROOT;
		};
		19C28FACFE9D520D11CA2CBB /* Products */ = {
			isa = PBXGroup;
			children = (
				1D6058910D05DD3D006BFB54 /* UMB_HSA.app */,
			);
			name = Products;
			sourceTree = "<group>";
		};
		29B97314FDCFA39411CA2CEA /* CustomTemplate */ = {
			isa = PBXGroup;
			children = (
				EB87FDF41871DAF40020F90C /* config.xml */,
				EB87FDF31871DA8E0020F90C /* www */,
				EB87FDF11871DA420020F90C /* Staging */,
				301BF52D109A57CC0062928A /* CordovaLib.xcodeproj */,
				080E96DDFE201D6D7F000001 /* Classes */,
				307C750510C5A3420062BCA9 /* Plugins */,
				29B97315FDCFA39411CA2CEA /* Other Sources */,
				29B97317FDCFA39411CA2CEA /* Resources */,
				29B97323FDCFA39411CA2CEA /* Frameworks */,
				19C28FACFE9D520D11CA2CBB /* Products */,
			);
			name = CustomTemplate;
			sourceTree = "<group>";
		};
		29B97315FDCFA39411CA2CEA /* Other Sources */ = {
			isa = PBXGroup;
			children = (
				32CA4F630368D1EE00C91783 /* UMB_HSA-Prefix.pch */,
				29B97316FDCFA39411CA2CEA /* main.m */,
				ED33DF2A687741AEAF9F8254 /* Bridging-Header.h */,
			);
			name = "Other Sources";
			path = "UMB_HSA";
			sourceTree = "<group>";
		};
		29B97317FDCFA39411CA2CEA /* Resources */ = {
			isa = PBXGroup;
			children = (
				0207DA571B56EA530066E2B4 /* Images.xcassets */,
				3047A50E1AB8057F00498E2A /* config */,
				8D1107310486CEB800E47090 /* UMB_HSA-Info.plist */,
			);
			name = Resources;
			path = "UMB_HSA/Resources";
			sourceTree = "<group>";
		};
		29B97323FDCFA39411CA2CEA /* Frameworks */ = {
			isa = PBXGroup;
			children = (
				99086B5CC9E14CC09FEE4E4A /* ImageIO.framework */,
				AB482065D5FE4AF8AFF1128B /* CoreLocation.framework */,
				7740D868545049E3B2B1983D /* AVFoundation.framework */,
				3DF0AAA40291485D96152873 /* LocalAuthentication.framework */,
				A7CF29F9C2FB4E9FA9555A73 /* Security.framework */,
			);
			name = Frameworks;
			sourceTree = "<group>";
		};
		301BF52E109A57CC0062928A /* Products */ = {
			isa = PBXGroup;
			children = (
				301BF535109A57CC0062928A /* libCordova.a */,
			);
			name = Products;
			sourceTree = "<group>";
		};
		3047A50E1AB8057F00498E2A /* config */ = {
			isa = PBXGroup;
			children = (
				3047A50F1AB8059700498E2A /* build-debug.xcconfig */,
				3047A5101AB8059700498E2A /* build-release.xcconfig */,
				3047A5111AB8059700498E2A /* build.xcconfig */,
			);
			name = config;
			sourceTree = "<group>";
		};
		307C750510C5A3420062BCA9 /* Plugins */ = {
			isa = PBXGroup;
			children = (
				863AD7C149064EB297582FBA /* UIImage+CropScaleOrientation.m */,
				2F2CB41A2C8F48A2A9B3A64F /* CDVCamera.m */,
				0F250B00C5E04757AF93BB85 /* CDVJpegHeaderWriter.m */,
				1427587F09CE47FE839815E3 /* UIImage+CropScaleOrientation.h */,
				1BAD830EE32F48B695C36A59 /* CDVCamera.h */,
				E4ADF6B6CFA3403F9C9FE80D /* CDVJpegHeaderWriter.h */,
				DBDE0F714F3342CD9641860E /* CDVExif.h */,
				7605896CD6E749BFBDC3710E /* CDVLogger.m */,
				5CD482825EE74CFF853375C6 /* CDVLogger.h */,
				74E73528075144ECA5FBAD05 /* CDVDevice.m */,
				718282C1FC344215BC008C7D /* CDVDevice.h */,
				38B355DDBF6549AAB34B268D /* CDVSplashScreen.m */,
				619451809346414797D47121 /* CDVViewController+SplashScreen.m */,
				328CB99A1CD341BEBCD4B121 /* CDVSplashScreen.h */,
				A605275115FB474CB45A3E76 /* CDVViewController+SplashScreen.h */,
				BE69937D4B0A442399407B50 /* CDVStatusBar.m */,
				D59D0D9A3BA04FC09F0E97D3 /* CDVStatusBar.h */,
				465127F889BC4C599303D295 /* TouchID.m */,
				2C1AAD12AE2147E5A69B89D5 /* TouchID.h */,
				C1FB02A97A004AA2A6A948C4 /* IonicConstant.m */,
				7EAA8A3F0B9846E297F463D4 /* IonicDeploy.m */,
				383AC36B500E48C6A2FE2E25 /* Download.m */,
				6A5D5FB4AE5B45A7958D9912 /* DownloadManager.m */,
				EC898CF61B3D4E359C30B9D0 /* SSZipArchive.m */,
				EC4464509A7A4FEC837AEC50 /* ioapi.c */,
				A222C029723E4302B9615E49 /* unzip.c */,
				CE4997D2CF304A9D851F6602 /* zip.c */,
				560223935733467EB09AB7A8 /* adler32.c */,
				94DA8F509A034FE59BAAAC7B /* compress.c */,
				DE14A7D7EDBE459B9A3089BD /* crc32.c */,
				A67E53D6A9484938B06DA49E /* deflate.c */,
				1A4E8B9A51DE426B9B216E2C /* gzclose.c */,
				7F2AAF42468443078926FBCD /* gzlib.c */,
				6CBF42BC11BB4984B72A683F /* gzread.c */,
				366F81328C0F47BC875E3BD3 /* gzwrite.c */,
				C2B5B6FEC2294C4A9BC617E6 /* infback.c */,
				32BDE41383AE4D94B93FA334 /* inffast.c */,
				06F2A515241E482484C8279C /* inflate.c */,
				CE491CE3B25C459BA2B8E5C5 /* inftrees.c */,
				060D77ECF6714793A3D2820D /* trees.c */,
				7CCCDA5221A14546839468A2 /* uncompr.c */,
				1883BFDE022941A196E44739 /* zutil.c */,
				9EBB59BD6F644999BC67452B /* Base64.m */,
				1B4BBAF4B463459EB5105557 /* UNIHTTPClientHelper.m */,
				BAD2168675ED4DE8A4575D0C /* UNIHTTPRequest.m */,
				9BF48931166743D38FEBB348 /* UNIHTTPRequestWithBody.m */,
				8402BFBED45749A39C6E70A9 /* UNIRest.m */,
				A15130DFE2C045889A61DADB /* UNIUrlConnection.m */,
				EC629D211107443AA3F0355D /* UNIBaseRequest.m */,
				4A9010EDC8474E98AAE1C160 /* UNIBodyRequest.m */,
				0E9D3D1F4FE34DD7B1A10D4D /* UNISimpleRequest.m */,
				A09C864F6CA24F5D9027EFB1 /* UNIHTTPBinaryResponse.m */,
				BF392E24DD614D96B764EC9F /* UNIHTTPJsonResponse.m */,
				E6704BB1F9E045E5B9C3B287 /* UNIHTTPResponse.m */,
				E7E8FD0CDB18435C83B9D83C /* UNIHTTPStringResponse.m */,
				42C4CEB2DD11479987A7EDDB /* UNIJsonNode.m */,
				684BA78901FC4E5EB8290754 /* IonicConstant.h */,
				7E26278A0A3949BBB4A74A42 /* IonicDeploy.h */,
				09AD7A0A55F44C45B3C42581 /* Download.h */,
				52EABF62E164413182B284AA /* DownloadManager.h */,
				D750A5763E754E2388C5CBC0 /* SSZipArchive.h */,
				90A25C3965ED4D21A502FB24 /* ARCHelper.h */,
				44A8492899D34906A7118A16 /* crypt.h */,
				137E7C5DFA104E569CE028F0 /* ioapi.h */,
				4C132DBCA23445F488D098F6 /* unzip.h */,
				B8CE9985765D4AE79551F3AC /* zip.h */,
				53B017F86AAD40429756ACFC /* crc32.h */,
				CF207CBFFBF44C7D9DFAB6E9 /* deflate.h */,
				A8DF8C95B9A94335A8888CD0 /* gzguts.h */,
				602E49815531471DA907E008 /* inffast.h */,
				AE9627D3D78446ABB02E705D /* inffixed.h */,
				F5E8E68590EB45568D6A397C /* inflate.h */,
				05ED6F4414B24FE3876FA3EE /* inftrees.h */,
				F3D8F3E136FB4887B4649182 /* trees.h */,
				277C34B9560A44829671B8C8 /* zconf.h */,
				66F84272F6944BB383BCD824 /* zlib.h */,
				C6103270AA1E46658FA2D5DD /* zutil.h */,
				E76FB26B4D61428EB37D94FC /* Base64.h */,
				BEEAF32F92084D599D131EF0 /* UNIHTTPClientHelper.h */,
				8A934F8868164440A35B97D3 /* UNIHTTPRequest.h */,
				2A052A9501FE403BAFA273D4 /* UNIHTTPRequestWithBody.h */,
				510F98418DDA44C5A75394D6 /* Unirest-Prefix.pch */,
				AD8717F885D44BDAB70CA3E8 /* UNIRest.h */,
				5F73BBD1379C4512934EA62C /* UNIUrlConnection.h */,
				9983224822B24B1DAFBE529B /* UNIBaseRequest.h */,
				B80B2CE2918C45A285F2F2E1 /* UNIBodyRequest.h */,
				6D2B58D7B9A846AD8013F265 /* UNISimpleRequest.h */,
				B4854A38FFD34C82851753CE /* UNIHTTPBinaryResponse.h */,
				9534CAF6449349F38E476FD5 /* UNIHTTPJsonResponse.h */,
				AB5EC563852C434CB6CEC1F7 /* UNIHTTPResponse.h */,
				4C565C0A47134CE1BDB0D897 /* UNIHTTPStringResponse.h */,
				1FC7586167704536AAE44434 /* UNIJsonNode.h */,
				157D4F1AF8814A8AACFBD832 /* IonicKeyboard.m */,
				456819F695C5467497803C15 /* UIWebViewExtension.m */,
				7517F7F8A0C74FA79CE70863 /* IonicKeyboard.h */,
				88FBC04A9EA84D5FA4F3D82A /* UIWebViewExtension.h */,
			);
			name = Plugins;
			path = "UMB_HSA/Plugins";
			sourceTree = SOURCE_ROOT;
		};
		EB87FDF11871DA420020F90C /* Staging */ = {
			isa = PBXGroup;
			children = (
				F840E1F0165FE0F500CFE078 /* config.xml */,
				301BF56E109A69640062928A /* www */,
			);
			name = Staging;
			sourceTree = "<group>";
		};
/* End PBXGroup section */

/* Begin PBXNativeTarget section */
		1D6058900D05DD3D006BFB54 /* UMB_HSA */ = {
			isa = PBXNativeTarget;
			buildConfigurationList = 1D6058960D05DD3E006BFB54 /* Build configuration list for PBXNativeTarget "UMB_HSA" */;
			buildPhases = (
				304B58A110DAC018002A0835 /* Copy www directory */,
				1D60588D0D05DD3D006BFB54 /* Resources */,
				1D60588E0D05DD3D006BFB54 /* Sources */,
				1D60588F0D05DD3D006BFB54 /* Frameworks */,
			);
			buildRules = (
			);
			dependencies = (
				301BF551109A68C00062928A /* PBXTargetDependency */,
			);
			name = "UMB_HSA";
			productName = "UMB_HSA";
			productReference = 1D6058910D05DD3D006BFB54 /* UMB_HSA.app */;
			productType = "com.apple.product-type.application";
		};
/* End PBXNativeTarget section */

/* Begin PBXProject section */
		29B97313FDCFA39411CA2CEA /* Project object */ = {
			isa = PBXProject;
			attributes = {
				LastUpgradeCheck = 510;
			};
			buildConfigurationList = C01FCF4E08A954540054247B /* Build configuration list for PBXProject "__NON-CLI__" */;
			compatibilityVersion = "Xcode 3.2";
			developmentRegion = English;
			hasScannedForEncodings = 1;
			mainGroup = 29B97314FDCFA39411CA2CEA /* CustomTemplate */;
			projectDirPath = "";
			projectReferences = (
				{
					ProductGroup = 301BF52E109A57CC0062928A /* Products */;
					ProjectRef = 301BF52D109A57CC0062928A /* CordovaLib.xcodeproj */;
				},
			);
			projectRoot = "";
			targets = (
				1D6058900D05DD3D006BFB54 /* UMB_HSA */,
			);
		};
/* End PBXProject section */

/* Begin PBXReferenceProxy section */
		301BF535109A57CC0062928A /* libCordova.a */ = {
			isa = PBXReferenceProxy;
			fileType = archive.ar;
			path = libCordova.a;
			remoteRef = 301BF534109A57CC0062928A /* PBXContainerItemProxy */;
			sourceTree = BUILT_PRODUCTS_DIR;
		};
/* End PBXReferenceProxy section */

/* Begin PBXResourcesBuildPhase section */
		1D60588D0D05DD3D006BFB54 /* Resources */ = {
			isa = PBXResourcesBuildPhase;
			buildActionMask = 2147483647;
			files = (
				302D95F214D2391D003F00A1 /* MainViewController.xib in Resources */,
				3047A5131AB8059700498E2A /* build-release.xcconfig in Resources */,
				3047A5141AB8059700498E2A /* build.xcconfig in Resources */,
				0207DA581B56EA530066E2B4 /* Images.xcassets in Resources */,
				3047A5121AB8059700498E2A /* build-debug.xcconfig in Resources */,
			);
			runOnlyForDeploymentPostprocessing = 0;
		};
/* End PBXResourcesBuildPhase section */

/* Begin PBXShellScriptBuildPhase section */
		304B58A110DAC018002A0835 /* Copy www directory */ = {
			isa = PBXShellScriptBuildPhase;
			buildActionMask = 2147483647;
			files = (
			);
			inputPaths = (
			);
			name = "Copy www directory";
			outputPaths = (
			);
			runOnlyForDeploymentPostprocessing = 0;
			shellPath = /bin/sh;
			shellScript = "NODEJS_PATH=/usr/local/bin; NVM_NODE_PATH=~/.nvm/versions/node/`nvm version 2>/dev/null`/bin; N_NODE_PATH=`find /usr/local/n/versions/node/* -maxdepth 0 -type d 2>/dev/null | tail -1`/bin; XCODE_NODE_PATH=`xcode-select --print-path`/usr/share/xcs/Node/bin; PATH=$NODEJS_PATH:$NVM_NODE_PATH:$N_NODE_PATH:$XCODE_NODE_PATH:$PATH && node cordova/lib/copy-www-build-step.js";
			showEnvVarsInLog = 0;
		};
/* End PBXShellScriptBuildPhase section */

/* Begin PBXSourcesBuildPhase section */
		1D60588E0D05DD3D006BFB54 /* Sources */ = {
			isa = PBXSourcesBuildPhase;
			buildActionMask = 2147483647;
			files = (
				1D60589B0D05DD56006BFB54 /* main.m in Sources */,
				1D3623260D0F684500981E51 /* AppDelegate.m in Sources */,
				302D95F114D2391D003F00A1 /* MainViewController.m in Sources */,
				8F2900F7CAC94149960814B7 /* UIImage+CropScaleOrientation.m in Sources */,
				D1CD3CC8C9F24FA59E111158 /* CDVCamera.m in Sources */,
				0E3853CF0596492589DBE422 /* CDVJpegHeaderWriter.m in Sources */,
				66CDE7DE70B44169A4D2D6E8 /* CDVLogger.m in Sources */,
				50F0FFF5780F4EB1B82DF087 /* CDVDevice.m in Sources */,
				4C07F0182521406AA4A62B72 /* CDVSplashScreen.m in Sources */,
				B427AA10EBF54C02803D5B2F /* CDVViewController+SplashScreen.m in Sources */,
				E09ABA59644A48B89DABDE71 /* CDVStatusBar.m in Sources */,
				CC8B2F0AC6AF46309ACC717C /* TouchID.m in Sources */,
				F8C1751567264633B4A56957 /* IonicConstant.m in Sources */,
				E0DD8EC5513E471D8D2F9280 /* IonicDeploy.m in Sources */,
				74E0750B57DB48D3A99F2462 /* Download.m in Sources */,
				B7B97C9F10FE4CC48702C791 /* DownloadManager.m in Sources */,
				9C4E180CF2F54A568E54DEC7 /* SSZipArchive.m in Sources */,
				EE48D119FC3A4552BF4F47E7 /* ioapi.c in Resources */,
				0A636DDB3FED4EACBD68B361 /* unzip.c in Resources */,
				02221740C4674CA68FEB99D2 /* zip.c in Resources */,
				09A883A41B0C40E5A0D5E4E5 /* adler32.c in Resources */,
				0D3D96BDBFEC46BEB5EC6F55 /* compress.c in Resources */,
				FDDFEC1FAF004E0BBAF4AB24 /* crc32.c in Resources */,
				3FF471CE971545148021109F /* deflate.c in Resources */,
				4CD2107872D3493EBB6FD6DE /* gzclose.c in Resources */,
				DB6872B630364F909190367C /* gzlib.c in Resources */,
				69EE61F188B84EBA9F01E9DE /* gzread.c in Resources */,
				780ECABE5AAB40A79F5FBD81 /* gzwrite.c in Resources */,
				ACE0DFBE289D44F89D04501C /* infback.c in Resources */,
				5D7DCAF3FB19410FBEEE8E0D /* inffast.c in Resources */,
				741FB33ED31148C2B9443DAB /* inflate.c in Resources */,
				83D3FE29FE6E424997AD6143 /* inftrees.c in Resources */,
				9AA05B3C509643F5A3CA96C8 /* trees.c in Resources */,
				7ABC037C1BD34FD7A37AF657 /* uncompr.c in Resources */,
				FA959221DE05404AA616B577 /* zutil.c in Resources */,
				5737B4EF8C51492EA3F78BD5 /* Base64.m in Sources */,
				D9372E52047F41E78EFF5F7C /* UNIHTTPClientHelper.m in Sources */,
				592085BE4DEE4B32A1866614 /* UNIHTTPRequest.m in Sources */,
				A472BAE1F997450DAC699531 /* UNIHTTPRequestWithBody.m in Sources */,
				B026DBEC25584484BC09FC19 /* UNIRest.m in Sources */,
				6DD8A105A7E54A849C1F80E7 /* UNIUrlConnection.m in Sources */,
				F375CFE452DB49AABD7834BA /* UNIBaseRequest.m in Sources */,
				911908F6F69A45388D95C891 /* UNIBodyRequest.m in Sources */,
				3BB53CC1A61442B29F6AC0D8 /* UNISimpleRequest.m in Sources */,
				614AA3BA550B4E2780363315 /* UNIHTTPBinaryResponse.m in Sources */,
				A8E807F2B396456CA8A81C8D /* UNIHTTPJsonResponse.m in Sources */,
				101EB5EBD4A348968405C1D2 /* UNIHTTPResponse.m in Sources */,
				4D974DCA04A54081B4A6D836 /* UNIHTTPStringResponse.m in Sources */,
				4421F09BF8E949B5A0CF9FC4 /* UNIJsonNode.m in Sources */,
				E6611C32D42A4F9EB4C5CBB6 /* IonicKeyboard.m in Sources */,
				9207256ADF8A403CB8206AC9 /* UIWebViewExtension.m in Sources */,
			);
			runOnlyForDeploymentPostprocessing = 0;
		};
/* End PBXSourcesBuildPhase section */

/* Begin PBXTargetDependency section */
		301BF551109A68C00062928A /* PBXTargetDependency */ = {
			isa = PBXTargetDependency;
			name = CordovaLib;
			targetProxy = 301BF550109A68C00062928A /* PBXContainerItemProxy */;
		};
/* End PBXTargetDependency section */

/* Begin XCBuildConfiguration section */
		1D6058940D05DD3E006BFB54 /* Debug */ = {
			isa = XCBuildConfiguration;
			baseConfigurationReference = 3047A50F1AB8059700498E2A /* build-debug.xcconfig */;
			buildSettings = {
				ALWAYS_SEARCH_USER_PATHS = NO;
				ASSETCATALOG_COMPILER_APPICON_NAME = AppIcon;
				ASSETCATALOG_COMPILER_LAUNCHIMAGE_NAME = LaunchImage;
				CLANG_ENABLE_MODULES = YES;
				CLANG_ENABLE_OBJC_ARC = YES;
				COPY_PHASE_STRIP = NO;
				GCC_DYNAMIC_NO_PIC = NO;
				GCC_OPTIMIZATION_LEVEL = 0;
				GCC_PRECOMPILE_PREFIX_HEADER = YES;
				GCC_PREFIX_HEADER = "UMB_HSA/UMB_HSA-Prefix.pch";
				GCC_THUMB_SUPPORT = NO;
				GCC_VERSION = "";
				INFOPLIST_FILE = "UMB_HSA/UMB_HSA-Info.plist";
				LD_RUNPATH_SEARCH_PATHS = "@executable_path/Frameworks";
				PRODUCT_NAME = "UMB_HSA";
			};
			name = Debug;
		};
		1D6058950D05DD3E006BFB54 /* Release */ = {
			isa = XCBuildConfiguration;
			baseConfigurationReference = 3047A5101AB8059700498E2A /* build-release.xcconfig */;
			buildSettings = {
				ALWAYS_SEARCH_USER_PATHS = NO;
				ASSETCATALOG_COMPILER_APPICON_NAME = AppIcon;
				ASSETCATALOG_COMPILER_LAUNCHIMAGE_NAME = LaunchImage;
				CLANG_ENABLE_MODULES = YES;
				CLANG_ENABLE_OBJC_ARC = YES;
				COPY_PHASE_STRIP = YES;
				GCC_PRECOMPILE_PREFIX_HEADER = YES;
				GCC_PREFIX_HEADER = "UMB_HSA/UMB_HSA-Prefix.pch";
				GCC_THUMB_SUPPORT = NO;
				GCC_VERSION = "";
				INFOPLIST_FILE = "UMB_HSA/UMB_HSA-Info.plist";
				PRODUCT_NAME = "UMB_HSA";
			};
			name = Release;
		};
		C01FCF4F08A954540054247B /* Debug */ = {
			isa = XCBuildConfiguration;
			baseConfigurationReference = 3047A5111AB8059700498E2A /* build.xcconfig */;
			buildSettings = {
				CLANG_ENABLE_MODULES = YES;
				CLANG_ENABLE_OBJC_ARC = YES;
				CLANG_WARN_BOOL_CONVERSION = YES;
				CLANG_WARN_CONSTANT_CONVERSION = YES;
				CLANG_WARN_EMPTY_BODY = YES;
				CLANG_WARN_ENUM_CONVERSION = YES;
				CLANG_WARN_INT_CONVERSION = YES;
				CLANG_WARN__DUPLICATE_METHOD_MATCH = YES;
				GCC_C_LANGUAGE_STANDARD = c99;
				GCC_THUMB_SUPPORT = NO;
				GCC_VERSION = "";
				GCC_WARN_ABOUT_RETURN_TYPE = YES;
				GCC_WARN_UNDECLARED_SELECTOR = YES;
				GCC_WARN_UNINITIALIZED_AUTOS = YES;
				GCC_WARN_UNUSED_FUNCTION = YES;
				GCC_WARN_UNUSED_VARIABLE = YES;
				ONLY_ACTIVE_ARCH = YES;
				SDKROOT = iphoneos;
				SKIP_INSTALL = NO;
			};
			name = Debug;
		};
		C01FCF5008A954540054247B /* Release */ = {
			isa = XCBuildConfiguration;
			baseConfigurationReference = 3047A5111AB8059700498E2A /* build.xcconfig */;
			buildSettings = {
				CLANG_ENABLE_MODULES = YES;
				CLANG_ENABLE_OBJC_ARC = YES;
				CLANG_WARN_BOOL_CONVERSION = YES;
				CLANG_WARN_CONSTANT_CONVERSION = YES;
				CLANG_WARN_EMPTY_BODY = YES;
				CLANG_WARN_ENUM_CONVERSION = YES;
				CLANG_WARN_INT_CONVERSION = YES;
				CLANG_WARN__DUPLICATE_METHOD_MATCH = YES;
				GCC_C_LANGUAGE_STANDARD = c99;
				GCC_THUMB_SUPPORT = NO;
				GCC_VERSION = "";
				GCC_WARN_ABOUT_RETURN_TYPE = YES;
				GCC_WARN_UNDECLARED_SELECTOR = YES;
				GCC_WARN_UNINITIALIZED_AUTOS = YES;
				GCC_WARN_UNUSED_FUNCTION = YES;
				GCC_WARN_UNUSED_VARIABLE = YES;
				SDKROOT = iphoneos;
				SKIP_INSTALL = NO;
			};
			name = Release;
		};
/* End XCBuildConfiguration section */

/* Begin XCConfigurationList section */
		1D6058960D05DD3E006BFB54 /* Build configuration list for PBXNativeTarget "UMB_HSA" */ = {
			isa = XCConfigurationList;
			buildConfigurations = (
				1D6058940D05DD3E006BFB54 /* Debug */,
				1D6058950D05DD3E006BFB54 /* Release */,
			);
			defaultConfigurationIsVisible = 0;
			defaultConfigurationName = Release;
		};
		C01FCF4E08A954540054247B /* Build configuration list for PBXProject "__NON-CLI__" */ = {
			isa = XCConfigurationList;
			buildConfigurations = (
				C01FCF4F08A954540054247B /* Debug */,
				C01FCF5008A954540054247B /* Release */,
			);
			defaultConfigurationIsVisible = 0;
			defaultConfigurationName = Release;
		};
/* End XCConfigurationList section */
	};
	rootObject = 29B97313FDCFA39411CA2CEA /* Project object */;
}
