// !$*UTF8*$!
{
	archiveVersion = 1;
	classes = {
	};
	objectVersion = 46;
	objects = {
/* Begin PBXBuildFile section */
		0207DA581B56EA530066E2B4 /* Images.xcassets in Resources */ = {isa = PBXBuildFile; fileRef = 0207DA571B56EA530066E2B4 /* Images.xcassets */; };
		1D3623260D0F684500981E51 /* AppDelegate.m in Sources */ = {isa = PBXBuildFile; fileRef = 1D3623250D0F684500981E51 /* AppDelegate.m */; };
		1D60589B0D05DD56006BFB54 /* main.m in Sources */ = {isa = PBXBuildFile; fileRef = 29B97316FDCFA39411CA2CEA /* main.m */; };
		301BF552109A68D80062928A /* libCordova.a in Frameworks */ = {isa = PBXBuildFile; fileRef = 301BF535109A57CC0062928A /* libCordova.a */; };
		302D95F114D2391D003F00A1 /* MainViewController.m in Sources */ = {isa = PBXBuildFile; fileRef = 302D95EF14D2391D003F00A1 /* MainViewController.m */; };
		302D95F214D2391D003F00A1 /* MainViewController.xib in Resources */ = {isa = PBXBuildFile; fileRef = 302D95F014D2391D003F00A1 /* MainViewController.xib */; };
		3047A5121AB8059700498E2A /* build-debug.xcconfig in Resources */ = {isa = PBXBuildFile; fileRef = 3047A50F1AB8059700498E2A /* build-debug.xcconfig */; };
		3047A5131AB8059700498E2A /* build-release.xcconfig in Resources */ = {isa = PBXBuildFile; fileRef = 3047A5101AB8059700498E2A /* build-release.xcconfig */; };
		3047A5141AB8059700498E2A /* build.xcconfig in Resources */ = {isa = PBXBuildFile; fileRef = 3047A5111AB8059700498E2A /* build.xcconfig */; };
		5D0FE5AA76A049129A5164E1 /* IonicKeyboard.m in Sources */ = {isa = PBXBuildFile; fileRef = 3710DA8648694AD7834B3F59 /* IonicKeyboard.m */; };
		C4ECC3960E7D40E2A0E8A386 /* UIWebViewExtension.m in Sources */ = {isa = PBXBuildFile; fileRef = CB8535B0A840413BAC37BD0F /* UIWebViewExtension.m */; };
		6DD11D92A8AF4110ABCD9D97 /* AppDelegate+notification.m in Sources */ = {isa = PBXBuildFile; fileRef = 762241D0C9934DD5808ED6B7 /* AppDelegate+notification.m */; };
		2EFA047977EB42A2944ABA01 /* PushPlugin.m in Sources */ = {isa = PBXBuildFile; fileRef = 70BF48D83F564336A2B30CF8 /* PushPlugin.m */; };
		AC231EA5B85940079DE79A97 /* SOSPicker.m in Sources */ = {isa = PBXBuildFile; fileRef = AF0B48AE75EF4786A585EAEE /* SOSPicker.m */; };
		865E4D9D9C1C49E48D583D6F /* ELCAlbumPickerController.m in Sources */ = {isa = PBXBuildFile; fileRef = 5EC5A9D1832A45B181481930 /* ELCAlbumPickerController.m */; };
		BDB332B8AB6A4F21BC519E57 /* ELCAsset.m in Sources */ = {isa = PBXBuildFile; fileRef = BD196C1FD3FC4788962721C5 /* ELCAsset.m */; };
		EE691108DF7D4662BADAD384 /* ELCAssetCell.m in Sources */ = {isa = PBXBuildFile; fileRef = 88721C7AAB0B429DB93C7848 /* ELCAssetCell.m */; };
		FFB757F767C24B73872F1678 /* ELCAssetTablePicker.m in Sources */ = {isa = PBXBuildFile; fileRef = 86BE75E2BD054D31AC464ED3 /* ELCAssetTablePicker.m */; };
		94B709B0C55E42208067E1C3 /* ELCImagePickerController.m in Sources */ = {isa = PBXBuildFile; fileRef = 023552D4992242EDB076748D /* ELCImagePickerController.m */; };
		6FB4ABC1E04D4E36B136525C /* ELCAlbumPickerController.xib in Resources */ = {isa = PBXBuildFile; fileRef = 32E800475D534E5EAAE317AD /* ELCAlbumPickerController.xib */; };
		2C1A5C28CF794C84825479CF /* ELCAssetPicker.xib in Resources */ = {isa = PBXBuildFile; fileRef = 1DD8372733D246CDA5529D73 /* ELCAssetPicker.xib */; };
		8975A38885F14F7F90C2D2ED /* ELCAssetTablePicker.xib in Resources */ = {isa = PBXBuildFile; fileRef = A508F1E435B247E28FC76411 /* ELCAssetTablePicker.xib */; };
		8C91654055E340819073D8F2 /* Overlay.png in Resources */ = {isa = PBXBuildFile; fileRef = 2DA467A56CF444AFA930F8AC /* Overlay.png */; };
		1F25685AE2454E54B532DC6A /* Overlay@2x.png in Resources */ = {isa = PBXBuildFile; fileRef = 6F7C3922E68245069E3FCF29 /* Overlay@2x.png */; };
		FB256826E26142C0A63A1FB2 /* CDVPluginExt.m in Sources */ = {isa = PBXBuildFile; fileRef = 373E2109CCA54856B0574F61 /* CDVPluginExt.m */; };
		E0EF9E805FE246A2A0578857 /* libCordovaGenericAd.a in Frameworks */ = {isa = PBXBuildFile; fileRef = 0CAF77DD215C40818709F4FE /* libCordovaGenericAd.a */; };
		988EF054ECF5468FBE0EF3B8 /* CDVAdMobPlugin.m in Sources */ = {isa = PBXBuildFile; fileRef = 137F11D760D64814B98D2FAC /* CDVAdMobPlugin.m */; };
		CC751714370F496886654C2E /* AdMobMediation.m in Sources */ = {isa = PBXBuildFile; fileRef = E30124B58A554F18B089FA69 /* AdMobMediation.m */; };
		246E319EFEAB48B9B726FF87 /* GoogleMobileAds.framework in Frameworks */ = {isa = PBXBuildFile; fileRef = 76D40FAA231348488DB28A7F /* GoogleMobileAds.framework */; };
		7D25DD070A9B4947B3892252 /* AdSupport.framework in Frameworks */ = {isa = PBXBuildFile; fileRef = 98FCA70D887E41138BB7B2CB /* AdSupport.framework */; };
		81C98C35496A45219B9E3518 /* AudioToolbox.framework in Frameworks */ = {isa = PBXBuildFile; fileRef = 995E4BFE80D043B4A348F94C /* AudioToolbox.framework */; };
		3A39054EFF434BE48A9D1438 /* AVFoundation.framework in Frameworks */ = {isa = PBXBuildFile; fileRef = FCC22A2831334B2FB7924C59 /* AVFoundation.framework */; };
		09368A20BD6F466B8A72EDC9 /* CoreLocation.framework in Frameworks */ = {isa = PBXBuildFile; fileRef = 5A3AD6904F79494EAF3CF9F8 /* CoreLocation.framework */; };
		F968F7A5EF004702A541C06C /* CoreTelephony.framework in Frameworks */ = {isa = PBXBuildFile; fileRef = 0E13318BE3AD4726BB7A0019 /* CoreTelephony.framework */; };
		0BF374656655417EB47AC7FC /* EventKit.framework in Frameworks */ = {isa = PBXBuildFile; fileRef = F087D318FBE94751BDC9E2CF /* EventKit.framework */; };
		15B078B3767A4B3F97E74179 /* EventKitUI.framework in Frameworks */ = {isa = PBXBuildFile; fileRef = E15DA38C1CF344368F73F0A2 /* EventKitUI.framework */; };
		2A8097FA771E447BA289167B /* Foundation.framework in Frameworks */ = {isa = PBXBuildFile; fileRef = 10BBF00639E242ED86FFF084 /* Foundation.framework */; };
		5E311E6E0E65448BB21EAFFD /* MessageUI.framework in Frameworks */ = {isa = PBXBuildFile; fileRef = 9A72C7ABCC3D4554AD3DF542 /* MessageUI.framework */; };
		F38ABCF5C7904C69ADAAEED2 /* QuartzCore.framework in Frameworks */ = {isa = PBXBuildFile; fileRef = 1DC3BDDCF98E4CCD94ADB598 /* QuartzCore.framework */; };
		F6507EFB8198410680D65598 /* StoreKit.framework in Frameworks */ = {isa = PBXBuildFile; fileRef = 845EDA6093244C0B84B3340D /* StoreKit.framework */; };
		E6F44876AE6441718B991964 /* SystemConfiguration.framework in Frameworks */ = {isa = PBXBuildFile; fileRef = D588C602E58E492499C907F6 /* SystemConfiguration.framework */; };
		BCBE1B2E104746AFB459AE6C /* UIKit.framework in Frameworks */ = {isa = PBXBuildFile; fileRef = 6771CD2D89544AA896C33F5B /* UIKit.framework */; };
		306C8EEFB3244ADD962BF827 /* CDVLogger.m in Sources */ = {isa = PBXBuildFile; fileRef = 72A380DAEFF846B192B609E5 /* CDVLogger.m */; };
		264C7040B2B6465A9BCB2EF9 /* CDVDevice.m in Sources */ = {isa = PBXBuildFile; fileRef = CE3CF1EAC7794EF190ED4165 /* CDVDevice.m */; };
		85FC8540932241D9806F9BD6 /* CDVNotification.m in Sources */ = {isa = PBXBuildFile; fileRef = D60EB8F1C6F8469E96B90CCC /* CDVNotification.m */; };
		6914EA14033B468F80D870EA /* CDVNotification.bundle in Resources */ = {isa = PBXBuildFile; fileRef = D1DDFB697C1B481DA79A48C8 /* CDVNotification.bundle */; };
		B62072AF10F7490395E6099A /* AudioToolbox.framework in Frameworks */ = {isa = PBXBuildFile; fileRef = FE1ED1DD7CBC40ECA459ECD2 /* AudioToolbox.framework */; settings = {ATTRIBUTES = (Weak, ); }; };
		59F1698445ED44E581E59F05 /* CDVLocation.m in Sources */ = {isa = PBXBuildFile; fileRef = 2019E23093BE4670A3C568AE /* CDVLocation.m */; };
		B713AC4575974513B85ED8DE /* CoreLocation.framework in Frameworks */ = {isa = PBXBuildFile; fileRef = 6AEA8B97DDD94A88916F5E5B /* CoreLocation.framework */; };
		F31A135BD0C648A884185999 /* CDVGlobalization.m in Sources */ = {isa = PBXBuildFile; fileRef = 41B967A2174F47FD9D59D8E9 /* CDVGlobalization.m */; };
		FD6C393F14BE424F9149A8DA /* CDVInAppBrowser.m in Sources */ = {isa = PBXBuildFile; fileRef = 4C4AD085FA7144E8891EA75C /* CDVInAppBrowser.m */; };
		C5E037766D6243E0AFEC5308 /* CDVSplashScreen.m in Sources */ = {isa = PBXBuildFile; fileRef = C82B08D35C1342A2A4047D60 /* CDVSplashScreen.m */; };
		6302FAE5328540F0A1DA04A8 /* CDVViewController+SplashScreen.m in Sources */ = {isa = PBXBuildFile; fileRef = DEC48C14A5DB4A4A9CAEF2E5 /* CDVViewController+SplashScreen.m */; };
		F6FC9E4030CF45B69869159C /* APPEmailComposer.m in Sources */ = {isa = PBXBuildFile; fileRef = E5629ED40A48453489FB6C1F /* APPEmailComposer.m */; };
		62622069734F462C8ACF5692 /* APPEmailComposerImpl.m in Sources */ = {isa = PBXBuildFile; fileRef = 5954D138783D4D7BA00FA24E /* APPEmailComposerImpl.m */; };
		65F84F4F95B242619D1F35DD /* MessageUI.framework in Frameworks */ = {isa = PBXBuildFile; fileRef = 69309A180694432DADD6D4A9 /* MessageUI.framework */; settings = {ATTRIBUTES = (Weak, ); }; };
/* End PBXBuildFile section */

/* Begin PBXContainerItemProxy section */
		301BF534109A57CC0062928A /* PBXContainerItemProxy */ = {
			isa = PBXContainerItemProxy;
			containerPortal = 301BF52D109A57CC0062928A /* CordovaLib.xcodeproj */;
			proxyType = 2;
			remoteGlobalIDString = D2AAC07E0554694100DB518D;
			remoteInfo = CordovaLib;
		};
		301BF550109A68C00062928A /* PBXContainerItemProxy */ = {
			isa = PBXContainerItemProxy;
			containerPortal = 301BF52D109A57CC0062928A /* CordovaLib.xcodeproj */;
			proxyType = 1;
			remoteGlobalIDString = D2AAC07D0554694100DB518D;
			remoteInfo = CordovaLib;
		};
/* End PBXContainerItemProxy section */

/* Begin PBXFileReference section */
		0207DA571B56EA530066E2B4 /* Images.xcassets */ = {isa = PBXFileReference; lastKnownFileType = folder.assetcatalog; name = Images.xcassets; path = "ionFullApp/Images.xcassets"; sourceTree = SOURCE_ROOT; };
		1D3623240D0F684500981E51 /* AppDelegate.h */ = {isa = PBXFileReference; fileEncoding = 4; lastKnownFileType = sourcecode.c.h; path = AppDelegate.h; sourceTree = "<group>"; };
		1D3623250D0F684500981E51 /* AppDelegate.m */ = {isa = PBXFileReference; fileEncoding = 4; lastKnownFileType = sourcecode.c.objc; path = AppDelegate.m; sourceTree = "<group>"; };
		1D6058910D05DD3D006BFB54 /* ionFullApp.app */ = {isa = PBXFileReference; explicitFileType = wrapper.application; includeInIndex = 0; path = "ionFullApp.app"; sourceTree = BUILT_PRODUCTS_DIR; };
		29B97316FDCFA39411CA2CEA /* main.m */ = {isa = PBXFileReference; fileEncoding = 4; lastKnownFileType = sourcecode.c.objc; path = main.m; sourceTree = "<group>"; };
		301BF52D109A57CC0062928A /* CordovaLib.xcodeproj */ = {isa = PBXFileReference; lastKnownFileType = "wrapper.pb-project"; name = CordovaLib.xcodeproj; path = CordovaLib/CordovaLib.xcodeproj; sourceTree = "<group>"; };
		301BF56E109A69640062928A /* www */ = {isa = PBXFileReference; lastKnownFileType = folder; path = www; sourceTree = SOURCE_ROOT; };
		302D95EE14D2391D003F00A1 /* MainViewController.h */ = {isa = PBXFileReference; fileEncoding = 4; lastKnownFileType = sourcecode.c.h; path = MainViewController.h; sourceTree = "<group>"; };
		302D95EF14D2391D003F00A1 /* MainViewController.m */ = {isa = PBXFileReference; fileEncoding = 4; lastKnownFileType = sourcecode.c.objc; path = MainViewController.m; sourceTree = "<group>"; };
		302D95F014D2391D003F00A1 /* MainViewController.xib */ = {isa = PBXFileReference; fileEncoding = 4; lastKnownFileType = file.xib; path = MainViewController.xib; sourceTree = "<group>"; };
		3047A50F1AB8059700498E2A /* build-debug.xcconfig */ = {isa = PBXFileReference; fileEncoding = 4; lastKnownFileType = text.xcconfig; name = "build-debug.xcconfig"; path = cordova/build-debug.xcconfig; sourceTree = SOURCE_ROOT; };
		3047A5101AB8059700498E2A /* build-release.xcconfig */ = {isa = PBXFileReference; fileEncoding = 4; lastKnownFileType = text.xcconfig; name = "build-release.xcconfig"; path = cordova/build-release.xcconfig; sourceTree = SOURCE_ROOT; };
		3047A5111AB8059700498E2A /* build.xcconfig */ = {isa = PBXFileReference; fileEncoding = 4; lastKnownFileType = text.xcconfig; name = build.xcconfig; path = cordova/build.xcconfig; sourceTree = SOURCE_ROOT; };
		32CA4F630368D1EE00C91783 /* ionFullApp-Prefix.pch */ = {isa = PBXFileReference; fileEncoding = 4; lastKnownFileType = sourcecode.c.h; path = "ionFullApp-Prefix.pch"; sourceTree = "<group>"; };
		8D1107310486CEB800E47090 /* ionFullApp-Info.plist */ = {isa = PBXFileReference; fileEncoding = 4; lastKnownFileType = text.plist.xml; name = "ionFullApp-Info.plist"; path = "ionFullApp/ionFullApp-Info.plist"; plistStructureDefinitionIdentifier = "com.apple.xcode.plist.structure-definition.iphone.info-plist"; sourceTree = SOURCE_ROOT; };
		EB87FDF31871DA8E0020F90C /* www */ = {isa = PBXFileReference; lastKnownFileType = folder; name = www; path = ../../www; sourceTree = "<group>"; };
		EB87FDF41871DAF40020F90C /* config.xml */ = {isa = PBXFileReference; lastKnownFileType = text.xml; name = config.xml; path = ../../config.xml; sourceTree = "<group>"; };
		F840E1F0165FE0F500CFE078 /* config.xml */ = {isa = PBXFileReference; lastKnownFileType = text.xml; name = config.xml; path = "ionFullApp/config.xml"; sourceTree = "<group>"; };
		ED33DF2A687741AEAF9F8254 /* Bridging-Header.h */ = {isa = PBXFileReference; fileEncoding = 4; lastKnownFileType = sourcecode.c.h; name = "Bridging-Header.h"; path = "Bridging-Header.h"; sourceTree = "<group>"; };
		3710DA8648694AD7834B3F59 /* IonicKeyboard.m */ = {isa = PBXFileReference; name = "IonicKeyboard.m"; path = "ionic-plugin-keyboard/IonicKeyboard.m"; sourceTree = "<group>"; fileEncoding = 4; lastKnownFileType = sourcecode.c.objc; explicitFileType = undefined; includeInIndex = 0; };
		CB8535B0A840413BAC37BD0F /* UIWebViewExtension.m */ = {isa = PBXFileReference; name = "UIWebViewExtension.m"; path = "ionic-plugin-keyboard/UIWebViewExtension.m"; sourceTree = "<group>"; fileEncoding = 4; lastKnownFileType = sourcecode.c.objc; explicitFileType = undefined; includeInIndex = 0; };
		D68EDE6C4CAA4275ACC1924C /* IonicKeyboard.h */ = {isa = PBXFileReference; name = "IonicKeyboard.h"; path = "ionic-plugin-keyboard/IonicKeyboard.h"; sourceTree = "<group>"; fileEncoding = 4; lastKnownFileType = sourcecode.c.h; explicitFileType = undefined; includeInIndex = 0; };
		BB8087362E6546B384D51311 /* UIWebViewExtension.h */ = {isa = PBXFileReference; name = "UIWebViewExtension.h"; path = "ionic-plugin-keyboard/UIWebViewExtension.h"; sourceTree = "<group>"; fileEncoding = 4; lastKnownFileType = sourcecode.c.h; explicitFileType = undefined; includeInIndex = 0; };
		762241D0C9934DD5808ED6B7 /* AppDelegate+notification.m */ = {isa = PBXFileReference; name = "AppDelegate+notification.m"; path = "com.phonegap.plugins.PushPlugin/AppDelegate+notification.m"; sourceTree = "<group>"; fileEncoding = 4; lastKnownFileType = sourcecode.c.objc; explicitFileType = undefined; includeInIndex = 0; };
		70BF48D83F564336A2B30CF8 /* PushPlugin.m */ = {isa = PBXFileReference; name = "PushPlugin.m"; path = "com.phonegap.plugins.PushPlugin/PushPlugin.m"; sourceTree = "<group>"; fileEncoding = 4; lastKnownFileType = sourcecode.c.objc; explicitFileType = undefined; includeInIndex = 0; };
		7170062E8C99425FB029263F /* AppDelegate+notification.h */ = {isa = PBXFileReference; name = "AppDelegate+notification.h"; path = "com.phonegap.plugins.PushPlugin/AppDelegate+notification.h"; sourceTree = "<group>"; fileEncoding = 4; lastKnownFileType = sourcecode.c.h; explicitFileType = undefined; includeInIndex = 0; };
		7AC62B99264C470981021A22 /* PushPlugin.h */ = {isa = PBXFileReference; name = "PushPlugin.h"; path = "com.phonegap.plugins.PushPlugin/PushPlugin.h"; sourceTree = "<group>"; fileEncoding = 4; lastKnownFileType = sourcecode.c.h; explicitFileType = undefined; includeInIndex = 0; };
		AF0B48AE75EF4786A585EAEE /* SOSPicker.m */ = {isa = PBXFileReference; name = "SOSPicker.m"; path = "com.synconset.imagepicker/SOSPicker.m"; sourceTree = "<group>"; fileEncoding = 4; lastKnownFileType = sourcecode.c.objc; explicitFileType = undefined; includeInIndex = 0; };
		5EC5A9D1832A45B181481930 /* ELCAlbumPickerController.m */ = {isa = PBXFileReference; name = "ELCAlbumPickerController.m"; path = "com.synconset.imagepicker/ELCAlbumPickerController.m"; sourceTree = "<group>"; fileEncoding = 4; lastKnownFileType = sourcecode.c.objc; explicitFileType = undefined; includeInIndex = 0; };
		BD196C1FD3FC4788962721C5 /* ELCAsset.m */ = {isa = PBXFileReference; name = "ELCAsset.m"; path = "com.synconset.imagepicker/ELCAsset.m"; sourceTree = "<group>"; fileEncoding = 4; lastKnownFileType = sourcecode.c.objc; explicitFileType = undefined; includeInIndex = 0; };
		88721C7AAB0B429DB93C7848 /* ELCAssetCell.m */ = {isa = PBXFileReference; name = "ELCAssetCell.m"; path = "com.synconset.imagepicker/ELCAssetCell.m"; sourceTree = "<group>"; fileEncoding = 4; lastKnownFileType = sourcecode.c.objc; explicitFileType = undefined; includeInIndex = 0; };
		86BE75E2BD054D31AC464ED3 /* ELCAssetTablePicker.m */ = {isa = PBXFileReference; name = "ELCAssetTablePicker.m"; path = "com.synconset.imagepicker/ELCAssetTablePicker.m"; sourceTree = "<group>"; fileEncoding = 4; lastKnownFileType = sourcecode.c.objc; explicitFileType = undefined; includeInIndex = 0; };
		023552D4992242EDB076748D /* ELCImagePickerController.m */ = {isa = PBXFileReference; name = "ELCImagePickerController.m"; path = "com.synconset.imagepicker/ELCImagePickerController.m"; sourceTree = "<group>"; fileEncoding = 4; lastKnownFileType = sourcecode.c.objc; explicitFileType = undefined; includeInIndex = 0; };
		D7B167752414477E8B345074 /* SOSPicker.h */ = {isa = PBXFileReference; name = "SOSPicker.h"; path = "com.synconset.imagepicker/SOSPicker.h"; sourceTree = "<group>"; fileEncoding = 4; lastKnownFileType = sourcecode.c.h; explicitFileType = undefined; includeInIndex = 0; };
		9326B8BDA4EA4384B837533F /* ELCAlbumPickerController.h */ = {isa = PBXFileReference; name = "ELCAlbumPickerController.h"; path = "com.synconset.imagepicker/ELCAlbumPickerController.h"; sourceTree = "<group>"; fileEncoding = 4; lastKnownFileType = sourcecode.c.h; explicitFileType = undefined; includeInIndex = 0; };
		5AE9F7CF01A840D49EF32474 /* ELCAsset.h */ = {isa = PBXFileReference; name = "ELCAsset.h"; path = "com.synconset.imagepicker/ELCAsset.h"; sourceTree = "<group>"; fileEncoding = 4; lastKnownFileType = sourcecode.c.h; explicitFileType = undefined; includeInIndex = 0; };
		EE18ECEB4E784CADA1B73BDD /* ELCAssetCell.h */ = {isa = PBXFileReference; name = "ELCAssetCell.h"; path = "com.synconset.imagepicker/ELCAssetCell.h"; sourceTree = "<group>"; fileEncoding = 4; lastKnownFileType = sourcecode.c.h; explicitFileType = undefined; includeInIndex = 0; };
		EB38BBCB49B5425289BE40BB /* ELCAssetPickerFilterDelegate.h */ = {isa = PBXFileReference; name = "ELCAssetPickerFilterDelegate.h"; path = "com.synconset.imagepicker/ELCAssetPickerFilterDelegate.h"; sourceTree = "<group>"; fileEncoding = 4; lastKnownFileType = sourcecode.c.h; explicitFileType = undefined; includeInIndex = 0; };
		94C49755ADCB433AA9897775 /* ELCAssetSelectionDelegate.h */ = {isa = PBXFileReference; name = "ELCAssetSelectionDelegate.h"; path = "com.synconset.imagepicker/ELCAssetSelectionDelegate.h"; sourceTree = "<group>"; fileEncoding = 4; lastKnownFileType = sourcecode.c.h; explicitFileType = undefined; includeInIndex = 0; };
		0BDE96B0E24A4D598098DFED /* ELCAssetTablePicker.h */ = {isa = PBXFileReference; name = "ELCAssetTablePicker.h"; path = "com.synconset.imagepicker/ELCAssetTablePicker.h"; sourceTree = "<group>"; fileEncoding = 4; lastKnownFileType = sourcecode.c.h; explicitFileType = undefined; includeInIndex = 0; };
		FCE5EB39F0A44C098ABD41AF /* ELCImagePickerController.h */ = {isa = PBXFileReference; name = "ELCImagePickerController.h"; path = "com.synconset.imagepicker/ELCImagePickerController.h"; sourceTree = "<group>"; fileEncoding = 4; lastKnownFileType = sourcecode.c.h; explicitFileType = undefined; includeInIndex = 0; };
		32E800475D534E5EAAE317AD /* ELCAlbumPickerController.xib */ = {isa = PBXFileReference; name = "ELCAlbumPickerController.xib"; path = "ELCAlbumPickerController.xib"; sourceTree = "<group>"; fileEncoding = undefined; lastKnownFileType = file.xib; explicitFileType = undefined; includeInIndex = 0; };
		1DD8372733D246CDA5529D73 /* ELCAssetPicker.xib */ = {isa = PBXFileReference; name = "ELCAssetPicker.xib"; path = "ELCAssetPicker.xib"; sourceTree = "<group>"; fileEncoding = undefined; lastKnownFileType = file.xib; explicitFileType = undefined; includeInIndex = 0; };
		A508F1E435B247E28FC76411 /* ELCAssetTablePicker.xib */ = {isa = PBXFileReference; name = "ELCAssetTablePicker.xib"; path = "ELCAssetTablePicker.xib"; sourceTree = "<group>"; fileEncoding = undefined; lastKnownFileType = file.xib; explicitFileType = undefined; includeInIndex = 0; };
		2DA467A56CF444AFA930F8AC /* Overlay.png */ = {isa = PBXFileReference; name = "Overlay.png"; path = "Overlay.png"; sourceTree = "<group>"; fileEncoding = undefined; lastKnownFileType = unknown; explicitFileType = undefined; includeInIndex = 0; };
		6F7C3922E68245069E3FCF29 /* Overlay@2x.png */ = {isa = PBXFileReference; name = "Overlay@2x.png"; path = "Overlay@2x.png"; sourceTree = "<group>"; fileEncoding = undefined; lastKnownFileType = unknown; explicitFileType = undefined; includeInIndex = 0; };
		373E2109CCA54856B0574F61 /* CDVPluginExt.m */ = {isa = PBXFileReference; name = "CDVPluginExt.m"; path = "cordova-plugin-extension/CDVPluginExt.m"; sourceTree = "<group>"; fileEncoding = 4; lastKnownFileType = sourcecode.c.objc; explicitFileType = undefined; includeInIndex = 0; };
		0CAF77DD215C40818709F4FE /* libCordovaGenericAd.a */ = {isa = PBXFileReference; name = "libCordovaGenericAd.a"; path = "ionFullApp/Plugins/cordova-plugin-extension/libCordovaGenericAd.a"; sourceTree = "<group>"; fileEncoding = undefined; lastKnownFileType = archive.ar; explicitFileType = undefined; includeInIndex = 0; };
		21ADD089B2F64AA9A3FA4045 /* PluginAdapterDelegate.h */ = {isa = PBXFileReference; name = "PluginAdapterDelegate.h"; path = "cordova-plugin-extension/PluginAdapterDelegate.h"; sourceTree = "<group>"; fileEncoding = 4; lastKnownFileType = sourcecode.c.h; explicitFileType = undefined; includeInIndex = 0; };
		BF2E2EEE599B4E1E81F44DFC /* CDVPluginExt.h */ = {isa = PBXFileReference; name = "CDVPluginExt.h"; path = "cordova-plugin-extension/CDVPluginExt.h"; sourceTree = "<group>"; fileEncoding = 4; lastKnownFileType = sourcecode.c.h; explicitFileType = undefined; includeInIndex = 0; };
		D4DF904166F949B9B8BE8821 /* GenericAdPlugin.h */ = {isa = PBXFileReference; name = "GenericAdPlugin.h"; path = "cordova-plugin-extension/GenericAdPlugin.h"; sourceTree = "<group>"; fileEncoding = 4; lastKnownFileType = sourcecode.c.h; explicitFileType = undefined; includeInIndex = 0; };
		137F11D760D64814B98D2FAC /* CDVAdMobPlugin.m */ = {isa = PBXFileReference; name = "CDVAdMobPlugin.m"; path = "cordova-plugin-admobpro/CDVAdMobPlugin.m"; sourceTree = "<group>"; fileEncoding = 4; lastKnownFileType = sourcecode.c.objc; explicitFileType = undefined; includeInIndex = 0; };
		E30124B58A554F18B089FA69 /* AdMobMediation.m */ = {isa = PBXFileReference; name = "AdMobMediation.m"; path = "cordova-plugin-admobpro/AdMobMediation.m"; sourceTree = "<group>"; fileEncoding = 4; lastKnownFileType = sourcecode.c.objc; explicitFileType = undefined; includeInIndex = 0; };
		9FF74788CA8D4095812C1C93 /* CDVAdMobPlugin.h */ = {isa = PBXFileReference; name = "CDVAdMobPlugin.h"; path = "cordova-plugin-admobpro/CDVAdMobPlugin.h"; sourceTree = "<group>"; fileEncoding = 4; lastKnownFileType = sourcecode.c.h; explicitFileType = undefined; includeInIndex = 0; };
		E2DEAAEDBF0B458FBD729D74 /* AdMobMediation.h */ = {isa = PBXFileReference; name = "AdMobMediation.h"; path = "cordova-plugin-admobpro/AdMobMediation.h"; sourceTree = "<group>"; fileEncoding = 4; lastKnownFileType = sourcecode.c.h; explicitFileType = undefined; includeInIndex = 0; };
		76D40FAA231348488DB28A7F /* GoogleMobileAds.framework */ = {isa = PBXFileReference; name = "GoogleMobileAds.framework"; path = "ionFullApp/Plugins/cordova-plugin-admobpro/GoogleMobileAds.framework"; sourceTree = "<group>"; fileEncoding = undefined; lastKnownFileType = wrapper.framework; explicitFileType = undefined; includeInIndex = 0; };
		98FCA70D887E41138BB7B2CB /* AdSupport.framework */ = {isa = PBXFileReference; name = "AdSupport.framework"; path = "System/Library/Frameworks/AdSupport.framework"; sourceTree = SDKROOT; fileEncoding = undefined; lastKnownFileType = wrapper.framework; explicitFileType = undefined; includeInIndex = 0; };
		995E4BFE80D043B4A348F94C /* AudioToolbox.framework */ = {isa = PBXFileReference; name = "AudioToolbox.framework"; path = "System/Library/Frameworks/AudioToolbox.framework"; sourceTree = SDKROOT; fileEncoding = undefined; lastKnownFileType = wrapper.framework; explicitFileType = undefined; includeInIndex = 0; };
		FCC22A2831334B2FB7924C59 /* AVFoundation.framework */ = {isa = PBXFileReference; name = "AVFoundation.framework"; path = "System/Library/Frameworks/AVFoundation.framework"; sourceTree = SDKROOT; fileEncoding = undefined; lastKnownFileType = wrapper.framework; explicitFileType = undefined; includeInIndex = 0; };
		5A3AD6904F79494EAF3CF9F8 /* CoreLocation.framework */ = {isa = PBXFileReference; name = "CoreLocation.framework"; path = "System/Library/Frameworks/CoreLocation.framework"; sourceTree = SDKROOT; fileEncoding = undefined; lastKnownFileType = wrapper.framework; explicitFileType = undefined; includeInIndex = 0; };
		0E13318BE3AD4726BB7A0019 /* CoreTelephony.framework */ = {isa = PBXFileReference; name = "CoreTelephony.framework"; path = "System/Library/Frameworks/CoreTelephony.framework"; sourceTree = SDKROOT; fileEncoding = undefined; lastKnownFileType = wrapper.framework; explicitFileType = undefined; includeInIndex = 0; };
		F087D318FBE94751BDC9E2CF /* EventKit.framework */ = {isa = PBXFileReference; name = "EventKit.framework"; path = "System/Library/Frameworks/EventKit.framework"; sourceTree = SDKROOT; fileEncoding = undefined; lastKnownFileType = wrapper.framework; explicitFileType = undefined; includeInIndex = 0; };
		E15DA38C1CF344368F73F0A2 /* EventKitUI.framework */ = {isa = PBXFileReference; name = "EventKitUI.framework"; path = "System/Library/Frameworks/EventKitUI.framework"; sourceTree = SDKROOT; fileEncoding = undefined; lastKnownFileType = wrapper.framework; explicitFileType = undefined; includeInIndex = 0; };
		10BBF00639E242ED86FFF084 /* Foundation.framework */ = {isa = PBXFileReference; name = "Foundation.framework"; path = "System/Library/Frameworks/Foundation.framework"; sourceTree = SDKROOT; fileEncoding = undefined; lastKnownFileType = wrapper.framework; explicitFileType = undefined; includeInIndex = 0; };
		9A72C7ABCC3D4554AD3DF542 /* MessageUI.framework */ = {isa = PBXFileReference; name = "MessageUI.framework"; path = "System/Library/Frameworks/MessageUI.framework"; sourceTree = SDKROOT; fileEncoding = undefined; lastKnownFileType = wrapper.framework; explicitFileType = undefined; includeInIndex = 0; };
		1DC3BDDCF98E4CCD94ADB598 /* QuartzCore.framework */ = {isa = PBXFileReference; name = "QuartzCore.framework"; path = "System/Library/Frameworks/QuartzCore.framework"; sourceTree = SDKROOT; fileEncoding = undefined; lastKnownFileType = wrapper.framework; explicitFileType = undefined; includeInIndex = 0; };
		845EDA6093244C0B84B3340D /* StoreKit.framework */ = {isa = PBXFileReference; name = "StoreKit.framework"; path = "System/Library/Frameworks/StoreKit.framework"; sourceTree = SDKROOT; fileEncoding = undefined; lastKnownFileType = wrapper.framework; explicitFileType = undefined; includeInIndex = 0; };
		D588C602E58E492499C907F6 /* SystemConfiguration.framework */ = {isa = PBXFileReference; name = "SystemConfiguration.framework"; path = "System/Library/Frameworks/SystemConfiguration.framework"; sourceTree = SDKROOT; fileEncoding = undefined; lastKnownFileType = wrapper.framework; explicitFileType = undefined; includeInIndex = 0; };
		6771CD2D89544AA896C33F5B /* UIKit.framework */ = {isa = PBXFileReference; name = "UIKit.framework"; path = "System/Library/Frameworks/UIKit.framework"; sourceTree = SDKROOT; fileEncoding = undefined; lastKnownFileType = wrapper.framework; explicitFileType = undefined; includeInIndex = 0; };
		72A380DAEFF846B192B609E5 /* CDVLogger.m */ = {isa = PBXFileReference; name = "CDVLogger.m"; path = "cordova-plugin-console/CDVLogger.m"; sourceTree = "<group>"; fileEncoding = 4; lastKnownFileType = sourcecode.c.objc; explicitFileType = undefined; includeInIndex = 0; };
		E43FAEC1CA3046EFACB770EF /* CDVLogger.h */ = {isa = PBXFileReference; name = "CDVLogger.h"; path = "cordova-plugin-console/CDVLogger.h"; sourceTree = "<group>"; fileEncoding = 4; lastKnownFileType = sourcecode.c.h; explicitFileType = undefined; includeInIndex = 0; };
		CE3CF1EAC7794EF190ED4165 /* CDVDevice.m */ = {isa = PBXFileReference; name = "CDVDevice.m"; path = "cordova-plugin-device/CDVDevice.m"; sourceTree = "<group>"; fileEncoding = 4; lastKnownFileType = sourcecode.c.objc; explicitFileType = undefined; includeInIndex = 0; };
		A7F004A8DC3A4DBF972DAED9 /* CDVDevice.h */ = {isa = PBXFileReference; name = "CDVDevice.h"; path = "cordova-plugin-device/CDVDevice.h"; sourceTree = "<group>"; fileEncoding = 4; lastKnownFileType = sourcecode.c.h; explicitFileType = undefined; includeInIndex = 0; };
		D60EB8F1C6F8469E96B90CCC /* CDVNotification.m */ = {isa = PBXFileReference; name = "CDVNotification.m"; path = "cordova-plugin-dialogs/CDVNotification.m"; sourceTree = "<group>"; fileEncoding = 4; lastKnownFileType = sourcecode.c.objc; explicitFileType = undefined; includeInIndex = 0; };
		F1A2392093694FDFA6BA37CC /* CDVNotification.h */ = {isa = PBXFileReference; name = "CDVNotification.h"; path = "cordova-plugin-dialogs/CDVNotification.h"; sourceTree = "<group>"; fileEncoding = 4; lastKnownFileType = sourcecode.c.h; explicitFileType = undefined; includeInIndex = 0; };
		D1DDFB697C1B481DA79A48C8 /* CDVNotification.bundle */ = {isa = PBXFileReference; name = "CDVNotification.bundle"; path = "CDVNotification.bundle"; sourceTree = "<group>"; fileEncoding = undefined; lastKnownFileType = wrapper.plug-in; explicitFileType = undefined; includeInIndex = 0; };
		FE1ED1DD7CBC40ECA459ECD2 /* AudioToolbox.framework */ = {isa = PBXFileReference; name = "AudioToolbox.framework"; path = "System/Library/Frameworks/AudioToolbox.framework"; sourceTree = SDKROOT; fileEncoding = undefined; lastKnownFileType = wrapper.framework; explicitFileType = undefined; includeInIndex = 0; };
		2019E23093BE4670A3C568AE /* CDVLocation.m */ = {isa = PBXFileReference; name = "CDVLocation.m"; path = "cordova-plugin-geolocation/CDVLocation.m"; sourceTree = "<group>"; fileEncoding = 4; lastKnownFileType = sourcecode.c.objc; explicitFileType = undefined; includeInIndex = 0; };
		F4B9C3B464834114AFD83779 /* CDVLocation.h */ = {isa = PBXFileReference; name = "CDVLocation.h"; path = "cordova-plugin-geolocation/CDVLocation.h"; sourceTree = "<group>"; fileEncoding = 4; lastKnownFileType = sourcecode.c.h; explicitFileType = undefined; includeInIndex = 0; };
		6AEA8B97DDD94A88916F5E5B /* CoreLocation.framework */ = {isa = PBXFileReference; name = "CoreLocation.framework"; path = "System/Library/Frameworks/CoreLocation.framework"; sourceTree = SDKROOT; fileEncoding = undefined; lastKnownFileType = wrapper.framework; explicitFileType = undefined; includeInIndex = 0; };
		41B967A2174F47FD9D59D8E9 /* CDVGlobalization.m */ = {isa = PBXFileReference; name = "CDVGlobalization.m"; path = "cordova-plugin-globalization/CDVGlobalization.m"; sourceTree = "<group>"; fileEncoding = 4; lastKnownFileType = sourcecode.c.objc; explicitFileType = undefined; includeInIndex = 0; };
		7F075A7545B948AD84FAF201 /* CDVGlobalization.h */ = {isa = PBXFileReference; name = "CDVGlobalization.h"; path = "cordova-plugin-globalization/CDVGlobalization.h"; sourceTree = "<group>"; fileEncoding = 4; lastKnownFileType = sourcecode.c.h; explicitFileType = undefined; includeInIndex = 0; };
		4C4AD085FA7144E8891EA75C /* CDVInAppBrowser.m */ = {isa = PBXFileReference; name = "CDVInAppBrowser.m"; path = "cordova-plugin-inappbrowser/CDVInAppBrowser.m"; sourceTree = "<group>"; fileEncoding = 4; lastKnownFileType = sourcecode.c.objc; explicitFileType = undefined; includeInIndex = 0; };
		90B2805A73A34F6296C327A2 /* CDVInAppBrowser.h */ = {isa = PBXFileReference; name = "CDVInAppBrowser.h"; path = "cordova-plugin-inappbrowser/CDVInAppBrowser.h"; sourceTree = "<group>"; fileEncoding = 4; lastKnownFileType = sourcecode.c.h; explicitFileType = undefined; includeInIndex = 0; };
		C82B08D35C1342A2A4047D60 /* CDVSplashScreen.m */ = {isa = PBXFileReference; name = "CDVSplashScreen.m"; path = "cordova-plugin-splashscreen/CDVSplashScreen.m"; sourceTree = "<group>"; fileEncoding = 4; lastKnownFileType = sourcecode.c.objc; explicitFileType = undefined; includeInIndex = 0; };
		DEC48C14A5DB4A4A9CAEF2E5 /* CDVViewController+SplashScreen.m */ = {isa = PBXFileReference; name = "CDVViewController+SplashScreen.m"; path = "cordova-plugin-splashscreen/CDVViewController+SplashScreen.m"; sourceTree = "<group>"; fileEncoding = 4; lastKnownFileType = sourcecode.c.objc; explicitFileType = undefined; includeInIndex = 0; };
		CA44061D4FE54A9591B0EF7E /* CDVSplashScreen.h */ = {isa = PBXFileReference; name = "CDVSplashScreen.h"; path = "cordova-plugin-splashscreen/CDVSplashScreen.h"; sourceTree = "<group>"; fileEncoding = 4; lastKnownFileType = sourcecode.c.h; explicitFileType = undefined; includeInIndex = 0; };
		65A464321E904E3881428960 /* CDVViewController+SplashScreen.h */ = {isa = PBXFileReference; name = "CDVViewController+SplashScreen.h"; path = "cordova-plugin-splashscreen/CDVViewController+SplashScreen.h"; sourceTree = "<group>"; fileEncoding = 4; lastKnownFileType = sourcecode.c.h; explicitFileType = undefined; includeInIndex = 0; };
		E5629ED40A48453489FB6C1F /* APPEmailComposer.m */ = {isa = PBXFileReference; name = "APPEmailComposer.m"; path = "de.appplant.cordova.plugin.email-composer/APPEmailComposer.m"; sourceTree = "<group>"; fileEncoding = 4; lastKnownFileType = sourcecode.c.objc; explicitFileType = undefined; includeInIndex = 0; };
		5954D138783D4D7BA00FA24E /* APPEmailComposerImpl.m */ = {isa = PBXFileReference; name = "APPEmailComposerImpl.m"; path = "de.appplant.cordova.plugin.email-composer/APPEmailComposerImpl.m"; sourceTree = "<group>"; fileEncoding = 4; lastKnownFileType = sourcecode.c.objc; explicitFileType = undefined; includeInIndex = 0; };
		E33F3423E7594BCCA36E9075 /* APPEmailComposer.h */ = {isa = PBXFileReference; name = "APPEmailComposer.h"; path = "de.appplant.cordova.plugin.email-composer/APPEmailComposer.h"; sourceTree = "<group>"; fileEncoding = 4; lastKnownFileType = sourcecode.c.h; explicitFileType = undefined; includeInIndex = 0; };
		F0AD8EFE219D49A1A6B633CC /* APPEmailComposerImpl.h */ = {isa = PBXFileReference; name = "APPEmailComposerImpl.h"; path = "de.appplant.cordova.plugin.email-composer/APPEmailComposerImpl.h"; sourceTree = "<group>"; fileEncoding = 4; lastKnownFileType = sourcecode.c.h; explicitFileType = undefined; includeInIndex = 0; };
		69309A180694432DADD6D4A9 /* MessageUI.framework */ = {isa = PBXFileReference; name = "MessageUI.framework"; path = "System/Library/Frameworks/MessageUI.framework"; sourceTree = SDKROOT; fileEncoding = undefined; lastKnownFileType = wrapper.framework; explicitFileType = undefined; includeInIndex = 0; };
/* End PBXFileReference section */

/* Begin PBXFrameworksBuildPhase section */
		1D60588F0D05DD3D006BFB54 /* Frameworks */ = {
			isa = PBXFrameworksBuildPhase;
			buildActionMask = 2147483647;
			files = (
				301BF552109A68D80062928A /* libCordova.a in Frameworks */,
				E0EF9E805FE246A2A0578857 /* libCordovaGenericAd.a in Frameworks */,
				246E319EFEAB48B9B726FF87 /* GoogleMobileAds.framework in Frameworks */,
				7D25DD070A9B4947B3892252 /* AdSupport.framework in Frameworks */,
				81C98C35496A45219B9E3518 /* AudioToolbox.framework in Frameworks */,
				3A39054EFF434BE48A9D1438 /* AVFoundation.framework in Frameworks */,
				09368A20BD6F466B8A72EDC9 /* CoreLocation.framework in Frameworks */,
				F968F7A5EF004702A541C06C /* CoreTelephony.framework in Frameworks */,
				0BF374656655417EB47AC7FC /* EventKit.framework in Frameworks */,
				15B078B3767A4B3F97E74179 /* EventKitUI.framework in Frameworks */,
				2A8097FA771E447BA289167B /* Foundation.framework in Frameworks */,
				5E311E6E0E65448BB21EAFFD /* MessageUI.framework in Frameworks */,
				F38ABCF5C7904C69ADAAEED2 /* QuartzCore.framework in Frameworks */,
				F6507EFB8198410680D65598 /* StoreKit.framework in Frameworks */,
				E6F44876AE6441718B991964 /* SystemConfiguration.framework in Frameworks */,
				BCBE1B2E104746AFB459AE6C /* UIKit.framework in Frameworks */,
				B62072AF10F7490395E6099A /* AudioToolbox.framework in Frameworks */,
				B713AC4575974513B85ED8DE /* CoreLocation.framework in Frameworks */,
				65F84F4F95B242619D1F35DD /* MessageUI.framework in Frameworks */,
			);
			runOnlyForDeploymentPostprocessing = 0;
		};
/* End PBXFrameworksBuildPhase section */

/* Begin PBXGroup section */
		080E96DDFE201D6D7F000001 /* Classes */ = {
			isa = PBXGroup;
			children = (
				302D95EE14D2391D003F00A1 /* MainViewController.h */,
				302D95EF14D2391D003F00A1 /* MainViewController.m */,
				302D95F014D2391D003F00A1 /* MainViewController.xib */,
				1D3623240D0F684500981E51 /* AppDelegate.h */,
				1D3623250D0F684500981E51 /* AppDelegate.m */,
			);
			name = Classes;
			path = "ionFullApp/Classes";
			sourceTree = SOURCE_ROOT;
		};
		19C28FACFE9D520D11CA2CBB /* Products */ = {
			isa = PBXGroup;
			children = (
				1D6058910D05DD3D006BFB54 /* ionFullApp.app */,
			);
			name = Products;
			sourceTree = "<group>";
		};
		29B97314FDCFA39411CA2CEA /* CustomTemplate */ = {
			isa = PBXGroup;
			children = (
				EB87FDF41871DAF40020F90C /* config.xml */,
				EB87FDF31871DA8E0020F90C /* www */,
				EB87FDF11871DA420020F90C /* Staging */,
				301BF52D109A57CC0062928A /* CordovaLib.xcodeproj */,
				080E96DDFE201D6D7F000001 /* Classes */,
				307C750510C5A3420062BCA9 /* Plugins */,
				29B97315FDCFA39411CA2CEA /* Other Sources */,
				29B97317FDCFA39411CA2CEA /* Resources */,
				29B97323FDCFA39411CA2CEA /* Frameworks */,
				19C28FACFE9D520D11CA2CBB /* Products */,
			);
			name = CustomTemplate;
			sourceTree = "<group>";
		};
		29B97315FDCFA39411CA2CEA /* Other Sources */ = {
			isa = PBXGroup;
			children = (
				32CA4F630368D1EE00C91783 /* ionFullApp-Prefix.pch */,
				29B97316FDCFA39411CA2CEA /* main.m */,
				ED33DF2A687741AEAF9F8254 /* Bridging-Header.h */,
			);
			name = "Other Sources";
			path = "ionFullApp";
			sourceTree = "<group>";
		};
		29B97317FDCFA39411CA2CEA /* Resources */ = {
			isa = PBXGroup;
			children = (
				0207DA571B56EA530066E2B4 /* Images.xcassets */,
				3047A50E1AB8057F00498E2A /* config */,
				8D1107310486CEB800E47090 /* ionFullApp-Info.plist */,
				32E800475D534E5EAAE317AD /* ELCAlbumPickerController.xib */,
				1DD8372733D246CDA5529D73 /* ELCAssetPicker.xib */,
				A508F1E435B247E28FC76411 /* ELCAssetTablePicker.xib */,
				2DA467A56CF444AFA930F8AC /* Overlay.png */,
				6F7C3922E68245069E3FCF29 /* Overlay@2x.png */,
				D1DDFB697C1B481DA79A48C8 /* CDVNotification.bundle */,
			);
			name = Resources;
			path = "ionFullApp/Resources";
			sourceTree = "<group>";
		};
		29B97323FDCFA39411CA2CEA /* Frameworks */ = {
			isa = PBXGroup;
			children = (
				0CAF77DD215C40818709F4FE /* libCordovaGenericAd.a */,
				76D40FAA231348488DB28A7F /* GoogleMobileAds.framework */,
				98FCA70D887E41138BB7B2CB /* AdSupport.framework */,
				995E4BFE80D043B4A348F94C /* AudioToolbox.framework */,
				FCC22A2831334B2FB7924C59 /* AVFoundation.framework */,
				5A3AD6904F79494EAF3CF9F8 /* CoreLocation.framework */,
				0E13318BE3AD4726BB7A0019 /* CoreTelephony.framework */,
				F087D318FBE94751BDC9E2CF /* EventKit.framework */,
				E15DA38C1CF344368F73F0A2 /* EventKitUI.framework */,
				10BBF00639E242ED86FFF084 /* Foundation.framework */,
				9A72C7ABCC3D4554AD3DF542 /* MessageUI.framework */,
				1DC3BDDCF98E4CCD94ADB598 /* QuartzCore.framework */,
				845EDA6093244C0B84B3340D /* StoreKit.framework */,
				D588C602E58E492499C907F6 /* SystemConfiguration.framework */,
				6771CD2D89544AA896C33F5B /* UIKit.framework */,
				FE1ED1DD7CBC40ECA459ECD2 /* AudioToolbox.framework */,
				6AEA8B97DDD94A88916F5E5B /* CoreLocation.framework */,
				69309A180694432DADD6D4A9 /* MessageUI.framework */,
			);
			name = Frameworks;
			sourceTree = "<group>";
		};
		301BF52E109A57CC0062928A /* Products */ = {
			isa = PBXGroup;
			children = (
				301BF535109A57CC0062928A /* libCordova.a */,
			);
			name = Products;
			sourceTree = "<group>";
		};
		3047A50E1AB8057F00498E2A /* config */ = {
			isa = PBXGroup;
			children = (
				3047A50F1AB8059700498E2A /* build-debug.xcconfig */,
				3047A5101AB8059700498E2A /* build-release.xcconfig */,
				3047A5111AB8059700498E2A /* build.xcconfig */,
			);
			name = config;
			sourceTree = "<group>";
		};
		307C750510C5A3420062BCA9 /* Plugins */ = {
			isa = PBXGroup;
			children = (
				3710DA8648694AD7834B3F59 /* IonicKeyboard.m */,
				CB8535B0A840413BAC37BD0F /* UIWebViewExtension.m */,
				D68EDE6C4CAA4275ACC1924C /* IonicKeyboard.h */,
				BB8087362E6546B384D51311 /* UIWebViewExtension.h */,
				762241D0C9934DD5808ED6B7 /* AppDelegate+notification.m */,
				70BF48D83F564336A2B30CF8 /* PushPlugin.m */,
				7170062E8C99425FB029263F /* AppDelegate+notification.h */,
				7AC62B99264C470981021A22 /* PushPlugin.h */,
				AF0B48AE75EF4786A585EAEE /* SOSPicker.m */,
				5EC5A9D1832A45B181481930 /* ELCAlbumPickerController.m */,
				BD196C1FD3FC4788962721C5 /* ELCAsset.m */,
				88721C7AAB0B429DB93C7848 /* ELCAssetCell.m */,
				86BE75E2BD054D31AC464ED3 /* ELCAssetTablePicker.m */,
				023552D4992242EDB076748D /* ELCImagePickerController.m */,
				D7B167752414477E8B345074 /* SOSPicker.h */,
				9326B8BDA4EA4384B837533F /* ELCAlbumPickerController.h */,
				5AE9F7CF01A840D49EF32474 /* ELCAsset.h */,
				EE18ECEB4E784CADA1B73BDD /* ELCAssetCell.h */,
				EB38BBCB49B5425289BE40BB /* ELCAssetPickerFilterDelegate.h */,
				94C49755ADCB433AA9897775 /* ELCAssetSelectionDelegate.h */,
				0BDE96B0E24A4D598098DFED /* ELCAssetTablePicker.h */,
				FCE5EB39F0A44C098ABD41AF /* ELCImagePickerController.h */,
				373E2109CCA54856B0574F61 /* CDVPluginExt.m */,
				21ADD089B2F64AA9A3FA4045 /* PluginAdapterDelegate.h */,
				BF2E2EEE599B4E1E81F44DFC /* CDVPluginExt.h */,
				D4DF904166F949B9B8BE8821 /* GenericAdPlugin.h */,
				137F11D760D64814B98D2FAC /* CDVAdMobPlugin.m */,
				E30124B58A554F18B089FA69 /* AdMobMediation.m */,
				9FF74788CA8D4095812C1C93 /* CDVAdMobPlugin.h */,
				E2DEAAEDBF0B458FBD729D74 /* AdMobMediation.h */,
				72A380DAEFF846B192B609E5 /* CDVLogger.m */,
				E43FAEC1CA3046EFACB770EF /* CDVLogger.h */,
				CE3CF1EAC7794EF190ED4165 /* CDVDevice.m */,
				A7F004A8DC3A4DBF972DAED9 /* CDVDevice.h */,
				D60EB8F1C6F8469E96B90CCC /* CDVNotification.m */,
				F1A2392093694FDFA6BA37CC /* CDVNotification.h */,
				2019E23093BE4670A3C568AE /* CDVLocation.m */,
				F4B9C3B464834114AFD83779 /* CDVLocation.h */,
				41B967A2174F47FD9D59D8E9 /* CDVGlobalization.m */,
				7F075A7545B948AD84FAF201 /* CDVGlobalization.h */,
				4C4AD085FA7144E8891EA75C /* CDVInAppBrowser.m */,
				90B2805A73A34F6296C327A2 /* CDVInAppBrowser.h */,
				C82B08D35C1342A2A4047D60 /* CDVSplashScreen.m */,
				DEC48C14A5DB4A4A9CAEF2E5 /* CDVViewController+SplashScreen.m */,
				CA44061D4FE54A9591B0EF7E /* CDVSplashScreen.h */,
				65A464321E904E3881428960 /* CDVViewController+SplashScreen.h */,
				E5629ED40A48453489FB6C1F /* APPEmailComposer.m */,
				5954D138783D4D7BA00FA24E /* APPEmailComposerImpl.m */,
				E33F3423E7594BCCA36E9075 /* APPEmailComposer.h */,
				F0AD8EFE219D49A1A6B633CC /* APPEmailComposerImpl.h */,
			);
			name = Plugins;
			path = "ionFullApp/Plugins";
			sourceTree = SOURCE_ROOT;
		};
		EB87FDF11871DA420020F90C /* Staging */ = {
			isa = PBXGroup;
			children = (
				F840E1F0165FE0F500CFE078 /* config.xml */,
				301BF56E109A69640062928A /* www */,
			);
			name = Staging;
			sourceTree = "<group>";
		};
/* End PBXGroup section */

/* Begin PBXNativeTarget section */
		1D6058900D05DD3D006BFB54 /* ionFullApp */ = {
			isa = PBXNativeTarget;
			buildConfigurationList = 1D6058960D05DD3E006BFB54 /* Build configuration list for PBXNativeTarget "ionFullApp" */;
			buildPhases = (
				304B58A110DAC018002A0835 /* Copy www directory */,
				1D60588D0D05DD3D006BFB54 /* Resources */,
				1D60588E0D05DD3D006BFB54 /* Sources */,
				1D60588F0D05DD3D006BFB54 /* Frameworks */,
			);
			buildRules = (
			);
			dependencies = (
				301BF551109A68C00062928A /* PBXTargetDependency */,
			);
			name = "ionFullApp";
			productName = "ionFullApp";
			productReference = 1D6058910D05DD3D006BFB54 /* ionFullApp.app */;
			productType = "com.apple.product-type.application";
		};
/* End PBXNativeTarget section */

/* Begin PBXProject section */
		29B97313FDCFA39411CA2CEA /* Project object */ = {
			isa = PBXProject;
			attributes = {
				LastUpgradeCheck = 510;
			};
			buildConfigurationList = C01FCF4E08A954540054247B /* Build configuration list for PBXProject "__NON-CLI__" */;
			compatibilityVersion = "Xcode 3.2";
			developmentRegion = English;
			hasScannedForEncodings = 1;
			mainGroup = 29B97314FDCFA39411CA2CEA /* CustomTemplate */;
			projectDirPath = "";
			projectReferences = (
				{
					ProductGroup = 301BF52E109A57CC0062928A /* Products */;
					ProjectRef = 301BF52D109A57CC0062928A /* CordovaLib.xcodeproj */;
				},
			);
			projectRoot = "";
			targets = (
				1D6058900D05DD3D006BFB54 /* ionFullApp */,
			);
		};
/* End PBXProject section */

/* Begin PBXReferenceProxy section */
		301BF535109A57CC0062928A /* libCordova.a */ = {
			isa = PBXReferenceProxy;
			fileType = archive.ar;
			path = libCordova.a;
			remoteRef = 301BF534109A57CC0062928A /* PBXContainerItemProxy */;
			sourceTree = BUILT_PRODUCTS_DIR;
		};
/* End PBXReferenceProxy section */

/* Begin PBXResourcesBuildPhase section */
		1D60588D0D05DD3D006BFB54 /* Resources */ = {
			isa = PBXResourcesBuildPhase;
			buildActionMask = 2147483647;
			files = (
				302D95F214D2391D003F00A1 /* MainViewController.xib in Resources */,
				3047A5131AB8059700498E2A /* build-release.xcconfig in Resources */,
				3047A5141AB8059700498E2A /* build.xcconfig in Resources */,
				0207DA581B56EA530066E2B4 /* Images.xcassets in Resources */,
				3047A5121AB8059700498E2A /* build-debug.xcconfig in Resources */,
				6FB4ABC1E04D4E36B136525C /* ELCAlbumPickerController.xib in Resources */,
				2C1A5C28CF794C84825479CF /* ELCAssetPicker.xib in Resources */,
				8975A38885F14F7F90C2D2ED /* ELCAssetTablePicker.xib in Resources */,
				8C91654055E340819073D8F2 /* Overlay.png in Resources */,
				1F25685AE2454E54B532DC6A /* Overlay@2x.png in Resources */,
				6914EA14033B468F80D870EA /* CDVNotification.bundle in Resources */,
			);
			runOnlyForDeploymentPostprocessing = 0;
		};
/* End PBXResourcesBuildPhase section */

/* Begin PBXShellScriptBuildPhase section */
		304B58A110DAC018002A0835 /* Copy www directory */ = {
			isa = PBXShellScriptBuildPhase;
			buildActionMask = 2147483647;
			files = (
			);
			inputPaths = (
			);
			name = "Copy www directory";
			outputPaths = (
			);
			runOnlyForDeploymentPostprocessing = 0;
			shellPath = /bin/sh;
			shellScript = "NODEJS_PATH=/usr/local/bin; NVM_NODE_PATH=~/.nvm/versions/node/`nvm version 2>/dev/null`/bin; N_NODE_PATH=`find /usr/local/n/versions/node/* -maxdepth 0 -type d 2>/dev/null | tail -1`/bin; XCODE_NODE_PATH=`xcode-select --print-path`/usr/share/xcs/Node/bin; PATH=$NODEJS_PATH:$NVM_NODE_PATH:$N_NODE_PATH:$XCODE_NODE_PATH:$PATH && node cordova/lib/copy-www-build-step.js";
			showEnvVarsInLog = 0;
		};
/* End PBXShellScriptBuildPhase section */

/* Begin PBXSourcesBuildPhase section */
		1D60588E0D05DD3D006BFB54 /* Sources */ = {
			isa = PBXSourcesBuildPhase;
			buildActionMask = 2147483647;
			files = (
				1D60589B0D05DD56006BFB54 /* main.m in Sources */,
				1D3623260D0F684500981E51 /* AppDelegate.m in Sources */,
				302D95F114D2391D003F00A1 /* MainViewController.m in Sources */,
				5D0FE5AA76A049129A5164E1 /* IonicKeyboard.m in Sources */,
				C4ECC3960E7D40E2A0E8A386 /* UIWebViewExtension.m in Sources */,
				6DD11D92A8AF4110ABCD9D97 /* AppDelegate+notification.m in Sources */,
				2EFA047977EB42A2944ABA01 /* PushPlugin.m in Sources */,
				AC231EA5B85940079DE79A97 /* SOSPicker.m in Sources */,
				865E4D9D9C1C49E48D583D6F /* ELCAlbumPickerController.m in Sources */,
				BDB332B8AB6A4F21BC519E57 /* ELCAsset.m in Sources */,
				EE691108DF7D4662BADAD384 /* ELCAssetCell.m in Sources */,
				FFB757F767C24B73872F1678 /* ELCAssetTablePicker.m in Sources */,
				94B709B0C55E42208067E1C3 /* ELCImagePickerController.m in Sources */,
				FB256826E26142C0A63A1FB2 /* CDVPluginExt.m in Sources */,
				988EF054ECF5468FBE0EF3B8 /* CDVAdMobPlugin.m in Sources */,
				CC751714370F496886654C2E /* AdMobMediation.m in Sources */,
				306C8EEFB3244ADD962BF827 /* CDVLogger.m in Sources */,
				264C7040B2B6465A9BCB2EF9 /* CDVDevice.m in Sources */,
				85FC8540932241D9806F9BD6 /* CDVNotification.m in Sources */,
				59F1698445ED44E581E59F05 /* CDVLocation.m in Sources */,
				F31A135BD0C648A884185999 /* CDVGlobalization.m in Sources */,
				FD6C393F14BE424F9149A8DA /* CDVInAppBrowser.m in Sources */,
				C5E037766D6243E0AFEC5308 /* CDVSplashScreen.m in Sources */,
				6302FAE5328540F0A1DA04A8 /* CDVViewController+SplashScreen.m in Sources */,
				F6FC9E4030CF45B69869159C /* APPEmailComposer.m in Sources */,
				62622069734F462C8ACF5692 /* APPEmailComposerImpl.m in Sources */,
			);
			runOnlyForDeploymentPostprocessing = 0;
		};
/* End PBXSourcesBuildPhase section */

/* Begin PBXTargetDependency section */
		301BF551109A68C00062928A /* PBXTargetDependency */ = {
			isa = PBXTargetDependency;
			name = CordovaLib;
			targetProxy = 301BF550109A68C00062928A /* PBXContainerItemProxy */;
		};
/* End PBXTargetDependency section */

/* Begin XCBuildConfiguration section */
		1D6058940D05DD3E006BFB54 /* Debug */ = {
			isa = XCBuildConfiguration;
			baseConfigurationReference = 3047A50F1AB8059700498E2A /* build-debug.xcconfig */;
			buildSettings = {
				ALWAYS_SEARCH_USER_PATHS = NO;
				ASSETCATALOG_COMPILER_APPICON_NAME = AppIcon;
				ASSETCATALOG_COMPILER_LAUNCHIMAGE_NAME = LaunchImage;
				CLANG_ENABLE_MODULES = YES;
				CLANG_ENABLE_OBJC_ARC = YES;
				COPY_PHASE_STRIP = NO;
				GCC_DYNAMIC_NO_PIC = NO;
				GCC_OPTIMIZATION_LEVEL = 0;
				GCC_PRECOMPILE_PREFIX_HEADER = YES;
				GCC_PREFIX_HEADER = "ionFullApp/ionFullApp-Prefix.pch";
				GCC_THUMB_SUPPORT = NO;
				GCC_VERSION = "";
				INFOPLIST_FILE = "ionFullApp/ionFullApp-Info.plist";
				LD_RUNPATH_SEARCH_PATHS = "@executable_path/Frameworks";
				PRODUCT_NAME = "ionFullApp";
				LIBRARY_SEARCH_PATHS = (
					"$(inherited)",
					"\"$(SRCROOT)/ionFullApp/Plugins/cordova-plugin-extension\"",
				);
				FRAMEWORK_SEARCH_PATHS = (
					"$(inherited)",
					"\"ionFullApp\Plugins\cordova-plugin-admobpro\"",
				);
			};
			name = Debug;
		};
		1D6058950D05DD3E006BFB54 /* Release */ = {
			isa = XCBuildConfiguration;
			baseConfigurationReference = 3047A5101AB8059700498E2A /* build-release.xcconfig */;
			buildSettings = {
				ALWAYS_SEARCH_USER_PATHS = NO;
				ASSETCATALOG_COMPILER_APPICON_NAME = AppIcon;
				ASSETCATALOG_COMPILER_LAUNCHIMAGE_NAME = LaunchImage;
				CLANG_ENABLE_MODULES = YES;
				CLANG_ENABLE_OBJC_ARC = YES;
				COPY_PHASE_STRIP = YES;
				GCC_PRECOMPILE_PREFIX_HEADER = YES;
				GCC_PREFIX_HEADER = "ionFullApp/ionFullApp-Prefix.pch";
				GCC_THUMB_SUPPORT = NO;
				GCC_VERSION = "";
				INFOPLIST_FILE = "ionFullApp/ionFullApp-Info.plist";
				PRODUCT_NAME = "ionFullApp";
				LIBRARY_SEARCH_PATHS = (
					"$(inherited)",
					"\"$(SRCROOT)/ionFullApp/Plugins/cordova-plugin-extension\"",
				);
				FRAMEWORK_SEARCH_PATHS = (
					"$(inherited)",
					"\"ionFullApp\Plugins\cordova-plugin-admobpro\"",
				);
			};
			name = Release;
		};
		C01FCF4F08A954540054247B /* Debug */ = {
			isa = XCBuildConfiguration;
			baseConfigurationReference = 3047A5111AB8059700498E2A /* build.xcconfig */;
			buildSettings = {
				CLANG_ENABLE_MODULES = YES;
				CLANG_ENABLE_OBJC_ARC = YES;
				CLANG_WARN_BOOL_CONVERSION = YES;
				CLANG_WARN_CONSTANT_CONVERSION = YES;
				CLANG_WARN_EMPTY_BODY = YES;
				CLANG_WARN_ENUM_CONVERSION = YES;
				CLANG_WARN_INT_CONVERSION = YES;
				CLANG_WARN__DUPLICATE_METHOD_MATCH = YES;
				GCC_C_LANGUAGE_STANDARD = c99;
				GCC_THUMB_SUPPORT = NO;
				GCC_VERSION = "";
				GCC_WARN_ABOUT_RETURN_TYPE = YES;
				GCC_WARN_UNDECLARED_SELECTOR = YES;
				GCC_WARN_UNINITIALIZED_AUTOS = YES;
				GCC_WARN_UNUSED_FUNCTION = YES;
				GCC_WARN_UNUSED_VARIABLE = YES;
				ONLY_ACTIVE_ARCH = YES;
				SDKROOT = iphoneos;
				SKIP_INSTALL = NO;
			};
			name = Debug;
		};
		C01FCF5008A954540054247B /* Release */ = {
			isa = XCBuildConfiguration;
			baseConfigurationReference = 3047A5111AB8059700498E2A /* build.xcconfig */;
			buildSettings = {
				CLANG_ENABLE_MODULES = YES;
				CLANG_ENABLE_OBJC_ARC = YES;
				CLANG_WARN_BOOL_CONVERSION = YES;
				CLANG_WARN_CONSTANT_CONVERSION = YES;
				CLANG_WARN_EMPTY_BODY = YES;
				CLANG_WARN_ENUM_CONVERSION = YES;
				CLANG_WARN_INT_CONVERSION = YES;
				CLANG_WARN__DUPLICATE_METHOD_MATCH = YES;
				GCC_C_LANGUAGE_STANDARD = c99;
				GCC_THUMB_SUPPORT = NO;
				GCC_VERSION = "";
				GCC_WARN_ABOUT_RETURN_TYPE = YES;
				GCC_WARN_UNDECLARED_SELECTOR = YES;
				GCC_WARN_UNINITIALIZED_AUTOS = YES;
				GCC_WARN_UNUSED_FUNCTION = YES;
				GCC_WARN_UNUSED_VARIABLE = YES;
				SDKROOT = iphoneos;
				SKIP_INSTALL = NO;
			};
			name = Release;
		};
/* End XCBuildConfiguration section */

/* Begin XCConfigurationList section */
		1D6058960D05DD3E006BFB54 /* Build configuration list for PBXNativeTarget "ionFullApp" */ = {
			isa = XCConfigurationList;
			buildConfigurations = (
				1D6058940D05DD3E006BFB54 /* Debug */,
				1D6058950D05DD3E006BFB54 /* Release */,
			);
			defaultConfigurationIsVisible = 0;
			defaultConfigurationName = Release;
		};
		C01FCF4E08A954540054247B /* Build configuration list for PBXProject "__NON-CLI__" */ = {
			isa = XCConfigurationList;
			buildConfigurations = (
				C01FCF4F08A954540054247B /* Debug */,
				C01FCF5008A954540054247B /* Release */,
			);
			defaultConfigurationIsVisible = 0;
			defaultConfigurationName = Release;
		};
/* End XCConfigurationList section */
	};
	rootObject = 29B97313FDCFA39411CA2CEA /* Project object */;
}
